// !$*UTF8*$!
{
	archiveVersion = 1;
	classes = {
	};
	objectVersion = 51;
	objects = {

/* Begin PBXBuildFile section */
		437DCEF5CF935E80733C7C78 /* Pods_Nowait.framework in Frameworks */ = {isa = PBXBuildFile; fileRef = 760A5EC3A6915C23C98B2C6C /* Pods_Nowait.framework */; };
		ED03586624725959005A6745 /* AppDelegate.swift in Sources */ = {isa = PBXBuildFile; fileRef = ED03586524725959005A6745 /* AppDelegate.swift */; };
		ED03586824725959005A6745 /* SceneDelegate.swift in Sources */ = {isa = PBXBuildFile; fileRef = ED03586724725959005A6745 /* SceneDelegate.swift */; };
		ED03586A24725959005A6745 /* MainViewController.swift in Sources */ = {isa = PBXBuildFile; fileRef = ED03586924725959005A6745 /* MainViewController.swift */; };
		ED03586D24725959005A6745 /* Main.storyboard in Resources */ = {isa = PBXBuildFile; fileRef = ED03586B24725959005A6745 /* Main.storyboard */; };
		ED03587024725959005A6745 /* Nowait.xcdatamodeld in Sources */ = {isa = PBXBuildFile; fileRef = ED03586E24725959005A6745 /* Nowait.xcdatamodeld */; };
		ED03587224725961005A6745 /* Assets.xcassets in Resources */ = {isa = PBXBuildFile; fileRef = ED03587124725961005A6745 /* Assets.xcassets */; };
		ED03587524725961005A6745 /* LaunchScreen.storyboard in Resources */ = {isa = PBXBuildFile; fileRef = ED03587324725961005A6745 /* LaunchScreen.storyboard */; };
		ED03588124725D35005A6745 /* Registration.storyboard in Resources */ = {isa = PBXBuildFile; fileRef = ED03588024725D35005A6745 /* Registration.storyboard */; };
		ED03588624725E8D005A6745 /* SFProDisplay-Regular.ttf in Resources */ = {isa = PBXBuildFile; fileRef = ED03588324725E8D005A6745 /* SFProDisplay-Regular.ttf */; };
		ED03588724725E8D005A6745 /* SFProDisplay-Medium.ttf in Resources */ = {isa = PBXBuildFile; fileRef = ED03588424725E8D005A6745 /* SFProDisplay-Medium.ttf */; };
		ED03588824725E8D005A6745 /* SFProDisplay-Semibold.ttf in Resources */ = {isa = PBXBuildFile; fileRef = ED03588524725E8D005A6745 /* SFProDisplay-Semibold.ttf */; };
		ED18607524BF50DB00D80150 /* SearchPlacesViewModel.swift in Sources */ = {isa = PBXBuildFile; fileRef = ED18607424BF50DB00D80150 /* SearchPlacesViewModel.swift */; };
		ED18607724BF50EB00D80150 /* SearchPlacesViewModelType.swift in Sources */ = {isa = PBXBuildFile; fileRef = ED18607624BF50EB00D80150 /* SearchPlacesViewModelType.swift */; };
		ED18607924BF531B00D80150 /* HistorySearchData.swift in Sources */ = {isa = PBXBuildFile; fileRef = ED18607824BF531B00D80150 /* HistorySearchData.swift */; };
		ED18607B24BF538300D80150 /* HistorySearchModel.swift in Sources */ = {isa = PBXBuildFile; fileRef = ED18607A24BF538300D80150 /* HistorySearchModel.swift */; };
		ED18607D24BF57B000D80150 /* ResultSearchData.swift in Sources */ = {isa = PBXBuildFile; fileRef = ED18607C24BF57B000D80150 /* ResultSearchData.swift */; };
		ED18608424BF584F00D80150 /* ResultSearchModel.swift in Sources */ = {isa = PBXBuildFile; fileRef = ED18608324BF584F00D80150 /* ResultSearchModel.swift */; };
		ED18608624BF5AD000D80150 /* HistorySearchTableViewCell.swift in Sources */ = {isa = PBXBuildFile; fileRef = ED18608524BF5AD000D80150 /* HistorySearchTableViewCell.swift */; };
		ED18608824BF5B2A00D80150 /* ResultSearchTableViewCell.swift in Sources */ = {isa = PBXBuildFile; fileRef = ED18608724BF5B2A00D80150 /* ResultSearchTableViewCell.swift */; };
		ED18608A24BF5B6B00D80150 /* ResultSearchCellViewModel.swift in Sources */ = {isa = PBXBuildFile; fileRef = ED18608924BF5B6B00D80150 /* ResultSearchCellViewModel.swift */; };
		ED18608C24BF5B8100D80150 /* ResultSearchCellViewModelType.swift in Sources */ = {isa = PBXBuildFile; fileRef = ED18608B24BF5B8100D80150 /* ResultSearchCellViewModelType.swift */; };
		ED1DD03524BF42A8005BB18A /* SearchHeaderCollectionReusableView.swift in Sources */ = {isa = PBXBuildFile; fileRef = ED1DD03424BF42A8005BB18A /* SearchHeaderCollectionReusableView.swift */; };
		ED3DB5DC24C5BCEB00526556 /* SearchType.swift in Sources */ = {isa = PBXBuildFile; fileRef = ED3DB5DB24C5BCEB00526556 /* SearchType.swift */; };
		ED5F713D2472890E004DA1D3 /* MainViewModel.swift in Sources */ = {isa = PBXBuildFile; fileRef = ED5F713C2472890E004DA1D3 /* MainViewModel.swift */; };
		ED5F714024728922004DA1D3 /* MainViewModelType.swift in Sources */ = {isa = PBXBuildFile; fileRef = ED5F713F24728922004DA1D3 /* MainViewModelType.swift */; };
		ED5F71482472990C004DA1D3 /* SelectCountryViewController.swift in Sources */ = {isa = PBXBuildFile; fileRef = ED5F71472472990C004DA1D3 /* SelectCountryViewController.swift */; };
		ED5F714A2472999D004DA1D3 /* SelectCountryViewModel.swift in Sources */ = {isa = PBXBuildFile; fileRef = ED5F71492472999D004DA1D3 /* SelectCountryViewModel.swift */; };
		ED5F714C247299AB004DA1D3 /* SelectCountryViewModelType.swift in Sources */ = {isa = PBXBuildFile; fileRef = ED5F714B247299AB004DA1D3 /* SelectCountryViewModelType.swift */; };
		ED5F714E247299C7004DA1D3 /* CountryTableViewCell.swift in Sources */ = {isa = PBXBuildFile; fileRef = ED5F714D247299C7004DA1D3 /* CountryTableViewCell.swift */; };
		ED6B31AB24BDC3B500D6348F /* SFProText-Bold.ttf in Resources */ = {isa = PBXBuildFile; fileRef = ED6B31AA24BDC3B500D6348F /* SFProText-Bold.ttf */; };
		ED6B31AD24BDC4F400D6348F /* SearchHeader.xib in Resources */ = {isa = PBXBuildFile; fileRef = ED6B31AC24BDC4F400D6348F /* SearchHeader.xib */; };
		ED6B31B124BDC66300D6348F /* SearchViewHeader.swift in Sources */ = {isa = PBXBuildFile; fileRef = ED6B31B024BDC66300D6348F /* SearchViewHeader.swift */; };
		ED6B31B324BDC6C200D6348F /* SearchCollectionViewCell.swift in Sources */ = {isa = PBXBuildFile; fileRef = ED6B31B224BDC6C200D6348F /* SearchCollectionViewCell.swift */; };
		ED6B31BA24BDDE3100D6348F /* ResultSearch.swift in Sources */ = {isa = PBXBuildFile; fileRef = ED6B31B924BDDE3100D6348F /* ResultSearch.swift */; };
		ED6B31BD24BDE90100D6348F /* SearchServerAPI.swift in Sources */ = {isa = PBXBuildFile; fileRef = ED6B31BC24BDE90100D6348F /* SearchServerAPI.swift */; };
		ED6B31C024BDEDDA00D6348F /* PlacesData.swift in Sources */ = {isa = PBXBuildFile; fileRef = ED6B31BF24BDEDDA00D6348F /* PlacesData.swift */; };
		ED6B31C224BDEE2000D6348F /* PlacesModel.swift in Sources */ = {isa = PBXBuildFile; fileRef = ED6B31C124BDEE2000D6348F /* PlacesModel.swift */; };
		ED6B31C424BDEE7800D6348F /* KitchensModel.swift in Sources */ = {isa = PBXBuildFile; fileRef = ED6B31C324BDEE7800D6348F /* KitchensModel.swift */; };
		ED6B31C624BDEEBB00D6348F /* PivotModel.swift in Sources */ = {isa = PBXBuildFile; fileRef = ED6B31C524BDEEBB00D6348F /* PivotModel.swift */; };
		ED6B31C824BDEF4200D6348F /* SearchAPI.swift in Sources */ = {isa = PBXBuildFile; fileRef = ED6B31C724BDEF4200D6348F /* SearchAPI.swift */; };
		ED6B31CB24BDF11600D6348F /* SearchViewModel.swift in Sources */ = {isa = PBXBuildFile; fileRef = ED6B31CA24BDF11600D6348F /* SearchViewModel.swift */; };
		ED6B31CE24BDF12C00D6348F /* SearchViewModelType.swift in Sources */ = {isa = PBXBuildFile; fileRef = ED6B31CD24BDF12C00D6348F /* SearchViewModelType.swift */; };
		ED6B31D024BDF16900D6348F /* SearchOffers.swift in Sources */ = {isa = PBXBuildFile; fileRef = ED6B31CF24BDF16900D6348F /* SearchOffers.swift */; };
		ED6B31D524BF212900D6348F /* SearchPlacesViewController.swift in Sources */ = {isa = PBXBuildFile; fileRef = ED6B31D424BF212900D6348F /* SearchPlacesViewController.swift */; };
		ED6B31D724BF327B00D6348F /* BaseSearchViewController.swift in Sources */ = {isa = PBXBuildFile; fileRef = ED6B31D624BF327B00D6348F /* BaseSearchViewController.swift */; };
		ED6B31D924BF3B7500D6348F /* SearchCellViewModel.swift in Sources */ = {isa = PBXBuildFile; fileRef = ED6B31D824BF3B7500D6348F /* SearchCellViewModel.swift */; };
		ED6B31DB24BF3B8600D6348F /* SearchCellViewModelType.swift in Sources */ = {isa = PBXBuildFile; fileRef = ED6B31DA24BF3B8600D6348F /* SearchCellViewModelType.swift */; };
		ED84C481247261A6009D6742 /* DesignableUIView.swift in Sources */ = {isa = PBXBuildFile; fileRef = ED84C480247261A6009D6742 /* DesignableUIView.swift */; };
		ED84C483247266F5009D6742 /* DesignableUIButton.swift in Sources */ = {isa = PBXBuildFile; fileRef = ED84C482247266F5009D6742 /* DesignableUIButton.swift */; };
		ED84C485247267C5009D6742 /* Circle-Regular.ttf in Resources */ = {isa = PBXBuildFile; fileRef = ED84C484247267C5009D6742 /* Circle-Regular.ttf */; };
		ED84C488247269C8009D6742 /* SFProText-Medium.ttf in Resources */ = {isa = PBXBuildFile; fileRef = ED84C486247269C8009D6742 /* SFProText-Medium.ttf */; };
		ED84C489247269C8009D6742 /* SFProText-Light.ttf in Resources */ = {isa = PBXBuildFile; fileRef = ED84C487247269C8009D6742 /* SFProText-Light.ttf */; };
		ED84C48B247271E0009D6742 /* SFProText-Semibold.ttf in Resources */ = {isa = PBXBuildFile; fileRef = ED84C48A247271E0009D6742 /* SFProText-Semibold.ttf */; };
		ED84C48D247274A5009D6742 /* SFProText-Regular.ttf in Resources */ = {isa = PBXBuildFile; fileRef = ED84C48C247274A5009D6742 /* SFProText-Regular.ttf */; };
		ED84C4912472792E009D6742 /* CodeTextFieldDelegate.swift in Sources */ = {isa = PBXBuildFile; fileRef = ED84C4902472792E009D6742 /* CodeTextFieldDelegate.swift */; };
		ED84C49324727959009D6742 /* CodeTextField.swift in Sources */ = {isa = PBXBuildFile; fileRef = ED84C49224727959009D6742 /* CodeTextField.swift */; };
		ED84C49D24728345009D6742 /* SignUpViewModel.swift in Sources */ = {isa = PBXBuildFile; fileRef = ED84C49C24728345009D6742 /* SignUpViewModel.swift */; };
		ED84C49F24728354009D6742 /* SignUpViewModelType.swift in Sources */ = {isa = PBXBuildFile; fileRef = ED84C49E24728354009D6742 /* SignUpViewModelType.swift */; };
		ED84C4A224728392009D6742 /* ExtensionString.swift in Sources */ = {isa = PBXBuildFile; fileRef = ED84C4A124728392009D6742 /* ExtensionString.swift */; };
		ED84C4A5247284FE009D6742 /* Country.swift in Sources */ = {isa = PBXBuildFile; fileRef = ED84C4A4247284FE009D6742 /* Country.swift */; };
		ED9135752477F7F4008065E2 /* SignUpViewController.swift in Sources */ = {isa = PBXBuildFile; fileRef = ED9135742477F7F4008065E2 /* SignUpViewController.swift */; };
		ED9F28D224C0DDF300EB17CA /* ResultSearchViewController.swift in Sources */ = {isa = PBXBuildFile; fileRef = ED9F28D124C0DDF300EB17CA /* ResultSearchViewController.swift */; };
		ED9F28D524C0E03E00EB17CA /* ResultSearchViewModel.swift in Sources */ = {isa = PBXBuildFile; fileRef = ED9F28D424C0E03E00EB17CA /* ResultSearchViewModel.swift */; };
		ED9F28D924C0E06300EB17CA /* ResultSearchViewModelType.swift in Sources */ = {isa = PBXBuildFile; fileRef = ED9F28D824C0E06300EB17CA /* ResultSearchViewModelType.swift */; };
		ED9F28DF24C0EBA700EB17CA /* RSearchCellViewModelType.swift in Sources */ = {isa = PBXBuildFile; fileRef = ED9F28DE24C0EBA700EB17CA /* RSearchCellViewModelType.swift */; };
		ED9F28E124C0EBC100EB17CA /* RSearchCellViewModel.swift in Sources */ = {isa = PBXBuildFile; fileRef = ED9F28E024C0EBC100EB17CA /* RSearchCellViewModel.swift */; };
		ED9F28E424C2329400EB17CA /* RSearchTableViewCell.swift in Sources */ = {isa = PBXBuildFile; fileRef = ED9F28E224C2329400EB17CA /* RSearchTableViewCell.swift */; };
		ED9F28E524C2329400EB17CA /* RSearchTableViewCell.xib in Resources */ = {isa = PBXBuildFile; fileRef = ED9F28E324C2329400EB17CA /* RSearchTableViewCell.xib */; };
		EDA43272247549B100A2BB52 /* MainViewDelegate.swift in Sources */ = {isa = PBXBuildFile; fileRef = EDA43271247549B100A2BB52 /* MainViewDelegate.swift */; };
		EDA4327524754BC600A2BB52 /* UserInfoModel.swift in Sources */ = {isa = PBXBuildFile; fileRef = EDA4327424754BC600A2BB52 /* UserInfoModel.swift */; };
		EDA4327724754C5600A2BB52 /* UserInfo.swift in Sources */ = {isa = PBXBuildFile; fileRef = EDA4327624754C5600A2BB52 /* UserInfo.swift */; };
		EDA4327B247568D600A2BB52 /* Alerts.storyboard in Resources */ = {isa = PBXBuildFile; fileRef = EDA4327A247568D600A2BB52 /* Alerts.storyboard */; };
		EDA4327E24756DCB00A2BB52 /* AlertLogoutViewController.swift in Sources */ = {isa = PBXBuildFile; fileRef = EDA4327D24756DCB00A2BB52 /* AlertLogoutViewController.swift */; };
		EDDCB30124729CB800863066 /* CountryCellViewModel.swift in Sources */ = {isa = PBXBuildFile; fileRef = EDDCB30024729CB800863066 /* CountryCellViewModel.swift */; };
		EDDCB30324729CC300863066 /* CountryCellViewModelType.swift in Sources */ = {isa = PBXBuildFile; fileRef = EDDCB30224729CC300863066 /* CountryCellViewModelType.swift */; };
		EDDCB3062472BDD800863066 /* CodeViewController.swift in Sources */ = {isa = PBXBuildFile; fileRef = EDDCB3052472BDD800863066 /* CodeViewController.swift */; };
		EDDCB30A2472C19400863066 /* CodeViewModel.swift in Sources */ = {isa = PBXBuildFile; fileRef = EDDCB3092472C19400863066 /* CodeViewModel.swift */; };
		EDDCB30D2472C1AF00863066 /* CodeViewModelType.swift in Sources */ = {isa = PBXBuildFile; fileRef = EDDCB30C2472C1AF00863066 /* CodeViewModelType.swift */; };
		EDDCB3102472ECFC00863066 /* AuthProviderProtocol.swift in Sources */ = {isa = PBXBuildFile; fileRef = EDDCB30F2472ECFC00863066 /* AuthProviderProtocol.swift */; };
		EDDCB3122472ED7800863066 /* AuthToken.swift in Sources */ = {isa = PBXBuildFile; fileRef = EDDCB3112472ED7800863066 /* AuthToken.swift */; };
		EDDCB3152472EDC300863066 /* AppleAuthService.swift in Sources */ = {isa = PBXBuildFile; fileRef = EDDCB3142472EDC300863066 /* AppleAuthService.swift */; };
		EDDCB318247315A400863066 /* credentials.plist in Resources */ = {isa = PBXBuildFile; fileRef = EDDCB317247315A400863066 /* credentials.plist */; };
		EDDCB31E2473218A00863066 /* GoogleAuthToken.swift in Sources */ = {isa = PBXBuildFile; fileRef = EDDCB31D2473218A00863066 /* GoogleAuthToken.swift */; };
		EDDCB3202473229D00863066 /* GoogleAuthService.swift in Sources */ = {isa = PBXBuildFile; fileRef = EDDCB31F2473229D00863066 /* GoogleAuthService.swift */; };
		EDDCB322247322E400863066 /* GoogleAuthProviderProtocol.swift in Sources */ = {isa = PBXBuildFile; fileRef = EDDCB321247322E400863066 /* GoogleAuthProviderProtocol.swift */; };
		EDDCB324247402FB00863066 /* DesignableUIImageView.swift in Sources */ = {isa = PBXBuildFile; fileRef = EDDCB323247402FB00863066 /* DesignableUIImageView.swift */; };
		EDDCB3262474089C00863066 /* MainTableViewController.swift in Sources */ = {isa = PBXBuildFile; fileRef = EDDCB3252474089C00863066 /* MainTableViewController.swift */; };
		EDDCB328247436D200863066 /* MainHeader.xib in Resources */ = {isa = PBXBuildFile; fileRef = EDDCB327247436D200863066 /* MainHeader.xib */; };
		EDDCB32A247437A700863066 /* MainHeaderUIView.swift in Sources */ = {isa = PBXBuildFile; fileRef = EDDCB329247437A700863066 /* MainHeaderUIView.swift */; };
		EDDCB32C247437FB00863066 /* MainMenuSectionModel.swift in Sources */ = {isa = PBXBuildFile; fileRef = EDDCB32B247437FB00863066 /* MainMenuSectionModel.swift */; };
		EDDCB32F247438EF00863066 /* ExtensionUIView.swift in Sources */ = {isa = PBXBuildFile; fileRef = EDDCB32E247438EF00863066 /* ExtensionUIView.swift */; };
		EDDCB3322474455E00863066 /* FacebookAuthProviderProtocol.swift in Sources */ = {isa = PBXBuildFile; fileRef = EDDCB3312474455E00863066 /* FacebookAuthProviderProtocol.swift */; };
		EDDCB3352474464E00863066 /* FacebookAuthToken.swift in Sources */ = {isa = PBXBuildFile; fileRef = EDDCB3342474464E00863066 /* FacebookAuthToken.swift */; };
		EDDCB337247446B000863066 /* FacebookAuthService.swift in Sources */ = {isa = PBXBuildFile; fileRef = EDDCB336247446B000863066 /* FacebookAuthService.swift */; };
		EDDCB342247502F700863066 /* AuthServerAPI.swift in Sources */ = {isa = PBXBuildFile; fileRef = EDDCB341247502F700863066 /* AuthServerAPI.swift */; };
		EDDCB3452475039000863066 /* BaseUrl.swift in Sources */ = {isa = PBXBuildFile; fileRef = EDDCB3442475039000863066 /* BaseUrl.swift */; };
		EDDCB347247504F300863066 /* DefaultAlamofireManager.swift in Sources */ = {isa = PBXBuildFile; fileRef = EDDCB346247504F300863066 /* DefaultAlamofireManager.swift */; };
		EDDCB3492475050D00863066 /* BaseResponseModel.swift in Sources */ = {isa = PBXBuildFile; fileRef = EDDCB3482475050D00863066 /* BaseResponseModel.swift */; };
		EDDCB34B2475060A00863066 /* AuthAPI.swift in Sources */ = {isa = PBXBuildFile; fileRef = EDDCB34A2475060A00863066 /* AuthAPI.swift */; };
		EDDCB34E2475087800863066 /* CountryModels.swift in Sources */ = {isa = PBXBuildFile; fileRef = EDDCB34D2475087800863066 /* CountryModels.swift */; };
		EDE6E16C248692B000C06998 /* LaunchViewController.swift in Sources */ = {isa = PBXBuildFile; fileRef = EDE6E16B248692B000C06998 /* LaunchViewController.swift */; };
		EDE6E1742486983D00C06998 /* UserInfoData.swift in Sources */ = {isa = PBXBuildFile; fileRef = EDE6E1732486983D00C06998 /* UserInfoData.swift */; };
		EDE6E17624869AF300C06998 /* ErrorResponce.swift in Sources */ = {isa = PBXBuildFile; fileRef = EDE6E17524869AF300C06998 /* ErrorResponce.swift */; };
		EDE7F5B524BDB2BE0028B778 /* Search.storyboard in Resources */ = {isa = PBXBuildFile; fileRef = EDE7F5B424BDB2BE0028B778 /* Search.storyboard */; };
		EDE7F5B824BDB7290028B778 /* SearchViewController.swift in Sources */ = {isa = PBXBuildFile; fileRef = EDE7F5B724BDB7290028B778 /* SearchViewController.swift */; };
		EDEE6BB424856767004DBFB3 /* EditFields.swift in Sources */ = {isa = PBXBuildFile; fileRef = EDEE6BB324856767004DBFB3 /* EditFields.swift */; };
		EDEE6BB724856B3D004DBFB3 /* PersonalInformationViewModel.swift in Sources */ = {isa = PBXBuildFile; fileRef = EDEE6BB624856B3D004DBFB3 /* PersonalInformationViewModel.swift */; };
		EDEE6BBA24856B5D004DBFB3 /* PersonalInformationViewModelType.swift in Sources */ = {isa = PBXBuildFile; fileRef = EDEE6BB924856B5D004DBFB3 /* PersonalInformationViewModelType.swift */; };
		EDEE6BBC24858858004DBFB3 /* ListCountry.swift in Sources */ = {isa = PBXBuildFile; fileRef = EDEE6BBB24858858004DBFB3 /* ListCountry.swift */; };
		EDEFC3D32485261E003636F2 /* InteractivePopRecognizer.swift in Sources */ = {isa = PBXBuildFile; fileRef = EDEFC3D22485261E003636F2 /* InteractivePopRecognizer.swift */; };
		EDEFC3D524852649003636F2 /* HiddenNavBarNavigationController.swift in Sources */ = {isa = PBXBuildFile; fileRef = EDEFC3D424852649003636F2 /* HiddenNavBarNavigationController.swift */; };
		EDEFC3D724852740003636F2 /* ExtensionUIViewController.swift in Sources */ = {isa = PBXBuildFile; fileRef = EDEFC3D624852740003636F2 /* ExtensionUIViewController.swift */; };
		EDEFC3DA24852862003636F2 /* TabBarNavigationDelegate.swift in Sources */ = {isa = PBXBuildFile; fileRef = EDEFC3D924852862003636F2 /* TabBarNavigationDelegate.swift */; };
		EDEFC3DD24853C67003636F2 /* PersonalInformationViewController.swift in Sources */ = {isa = PBXBuildFile; fileRef = EDEFC3DC24853C67003636F2 /* PersonalInformationViewController.swift */; };
		EDF862A324750B15000FC85B /* ResultResponce.swift in Sources */ = {isa = PBXBuildFile; fileRef = EDF862A224750B15000FC85B /* ResultResponce.swift */; };
		EDF862A624750E46000FC85B /* UDID.swift in Sources */ = {isa = PBXBuildFile; fileRef = EDF862A524750E46000FC85B /* UDID.swift */; };
		EDF862A824750ED0000FC85B /* AuthTokenNowait.swift in Sources */ = {isa = PBXBuildFile; fileRef = EDF862A724750ED0000FC85B /* AuthTokenNowait.swift */; };
		EDF862AA24750F27000FC85B /* AuthTokenNowaitType.swift in Sources */ = {isa = PBXBuildFile; fileRef = EDF862A924750F27000FC85B /* AuthTokenNowaitType.swift */; };
		EDF862AD2475179C000FC85B /* TokenModel.swift in Sources */ = {isa = PBXBuildFile; fileRef = EDF862AC2475179C000FC85B /* TokenModel.swift */; };
		EDF862AF24753BEB000FC85B /* MainMenuCell.swift in Sources */ = {isa = PBXBuildFile; fileRef = EDF862AE24753BEB000FC85B /* MainMenuCell.swift */; };
		EDFA474E24827F58001F9575 /* TabBarViewController.swift in Sources */ = {isa = PBXBuildFile; fileRef = EDFA474D24827F58001F9575 /* TabBarViewController.swift */; };
		EDFA475324828035001F9575 /* ItemsTabBar.swift in Sources */ = {isa = PBXBuildFile; fileRef = EDFA475224828035001F9575 /* ItemsTabBar.swift */; };
/* End PBXBuildFile section */

/* Begin PBXFileReference section */
		3C675F1E6F98531AC9D1348C /* Pods-Nowait.debug.xcconfig */ = {isa = PBXFileReference; includeInIndex = 1; lastKnownFileType = text.xcconfig; name = "Pods-Nowait.debug.xcconfig"; path = "Target Support Files/Pods-Nowait/Pods-Nowait.debug.xcconfig"; sourceTree = "<group>"; };
		760A5EC3A6915C23C98B2C6C /* Pods_Nowait.framework */ = {isa = PBXFileReference; explicitFileType = wrapper.framework; includeInIndex = 0; path = Pods_Nowait.framework; sourceTree = BUILT_PRODUCTS_DIR; };
		A81D279F2DB5F3AE9299B5F0 /* Pods-Nowait.release.xcconfig */ = {isa = PBXFileReference; includeInIndex = 1; lastKnownFileType = text.xcconfig; name = "Pods-Nowait.release.xcconfig"; path = "Target Support Files/Pods-Nowait/Pods-Nowait.release.xcconfig"; sourceTree = "<group>"; };
		ED03586224725959005A6745 /* Nowait.app */ = {isa = PBXFileReference; explicitFileType = wrapper.application; includeInIndex = 0; path = Nowait.app; sourceTree = BUILT_PRODUCTS_DIR; };
		ED03586524725959005A6745 /* AppDelegate.swift */ = {isa = PBXFileReference; lastKnownFileType = sourcecode.swift; path = AppDelegate.swift; sourceTree = "<group>"; };
		ED03586724725959005A6745 /* SceneDelegate.swift */ = {isa = PBXFileReference; lastKnownFileType = sourcecode.swift; path = SceneDelegate.swift; sourceTree = "<group>"; };
		ED03586924725959005A6745 /* MainViewController.swift */ = {isa = PBXFileReference; lastKnownFileType = sourcecode.swift; path = MainViewController.swift; sourceTree = "<group>"; };
		ED03586C24725959005A6745 /* Base */ = {isa = PBXFileReference; lastKnownFileType = file.storyboard; name = Base; path = Base.lproj/Main.storyboard; sourceTree = "<group>"; };
		ED03586F24725959005A6745 /* Nowait.xcdatamodel */ = {isa = PBXFileReference; lastKnownFileType = wrapper.xcdatamodel; path = Nowait.xcdatamodel; sourceTree = "<group>"; };
		ED03587124725961005A6745 /* Assets.xcassets */ = {isa = PBXFileReference; lastKnownFileType = folder.assetcatalog; path = Assets.xcassets; sourceTree = "<group>"; };
		ED03587424725961005A6745 /* Base */ = {isa = PBXFileReference; lastKnownFileType = file.storyboard; name = Base; path = Base.lproj/LaunchScreen.storyboard; sourceTree = "<group>"; };
		ED03587624725961005A6745 /* Info.plist */ = {isa = PBXFileReference; lastKnownFileType = text.plist.xml; path = Info.plist; sourceTree = "<group>"; };
		ED03588024725D35005A6745 /* Registration.storyboard */ = {isa = PBXFileReference; lastKnownFileType = file.storyboard; path = Registration.storyboard; sourceTree = "<group>"; };
		ED03588324725E8D005A6745 /* SFProDisplay-Regular.ttf */ = {isa = PBXFileReference; lastKnownFileType = file; path = "SFProDisplay-Regular.ttf"; sourceTree = "<group>"; };
		ED03588424725E8D005A6745 /* SFProDisplay-Medium.ttf */ = {isa = PBXFileReference; lastKnownFileType = file; path = "SFProDisplay-Medium.ttf"; sourceTree = "<group>"; };
		ED03588524725E8D005A6745 /* SFProDisplay-Semibold.ttf */ = {isa = PBXFileReference; lastKnownFileType = file; path = "SFProDisplay-Semibold.ttf"; sourceTree = "<group>"; };
		ED18607424BF50DB00D80150 /* SearchPlacesViewModel.swift */ = {isa = PBXFileReference; lastKnownFileType = sourcecode.swift; path = SearchPlacesViewModel.swift; sourceTree = "<group>"; };
		ED18607624BF50EB00D80150 /* SearchPlacesViewModelType.swift */ = {isa = PBXFileReference; lastKnownFileType = sourcecode.swift; path = SearchPlacesViewModelType.swift; sourceTree = "<group>"; };
		ED18607824BF531B00D80150 /* HistorySearchData.swift */ = {isa = PBXFileReference; lastKnownFileType = sourcecode.swift; name = HistorySearchData.swift; path = ../HistorySearchData.swift; sourceTree = "<group>"; };
		ED18607A24BF538300D80150 /* HistorySearchModel.swift */ = {isa = PBXFileReference; lastKnownFileType = sourcecode.swift; name = HistorySearchModel.swift; path = ../HistorySearchModel.swift; sourceTree = "<group>"; };
		ED18607C24BF57B000D80150 /* ResultSearchData.swift */ = {isa = PBXFileReference; lastKnownFileType = sourcecode.swift; name = ResultSearchData.swift; path = Nowait/API/Search/Models/ResultSearchData.swift; sourceTree = SOURCE_ROOT; };
		ED18608324BF584F00D80150 /* ResultSearchModel.swift */ = {isa = PBXFileReference; lastKnownFileType = sourcecode.swift; path = ResultSearchModel.swift; sourceTree = "<group>"; };
		ED18608524BF5AD000D80150 /* HistorySearchTableViewCell.swift */ = {isa = PBXFileReference; lastKnownFileType = sourcecode.swift; path = HistorySearchTableViewCell.swift; sourceTree = "<group>"; };
		ED18608724BF5B2A00D80150 /* ResultSearchTableViewCell.swift */ = {isa = PBXFileReference; lastKnownFileType = sourcecode.swift; path = ResultSearchTableViewCell.swift; sourceTree = "<group>"; };
		ED18608924BF5B6B00D80150 /* ResultSearchCellViewModel.swift */ = {isa = PBXFileReference; lastKnownFileType = sourcecode.swift; path = ResultSearchCellViewModel.swift; sourceTree = "<group>"; };
		ED18608B24BF5B8100D80150 /* ResultSearchCellViewModelType.swift */ = {isa = PBXFileReference; lastKnownFileType = sourcecode.swift; path = ResultSearchCellViewModelType.swift; sourceTree = "<group>"; };
		ED1DD03424BF42A8005BB18A /* SearchHeaderCollectionReusableView.swift */ = {isa = PBXFileReference; lastKnownFileType = sourcecode.swift; path = SearchHeaderCollectionReusableView.swift; sourceTree = "<group>"; };
		ED3DB5DB24C5BCEB00526556 /* SearchType.swift */ = {isa = PBXFileReference; lastKnownFileType = sourcecode.swift; path = SearchType.swift; sourceTree = "<group>"; };
		ED5F713C2472890E004DA1D3 /* MainViewModel.swift */ = {isa = PBXFileReference; lastKnownFileType = sourcecode.swift; path = MainViewModel.swift; sourceTree = "<group>"; };
		ED5F713F24728922004DA1D3 /* MainViewModelType.swift */ = {isa = PBXFileReference; lastKnownFileType = sourcecode.swift; path = MainViewModelType.swift; sourceTree = "<group>"; };
		ED5F71472472990C004DA1D3 /* SelectCountryViewController.swift */ = {isa = PBXFileReference; lastKnownFileType = sourcecode.swift; path = SelectCountryViewController.swift; sourceTree = "<group>"; };
		ED5F71492472999D004DA1D3 /* SelectCountryViewModel.swift */ = {isa = PBXFileReference; lastKnownFileType = sourcecode.swift; path = SelectCountryViewModel.swift; sourceTree = "<group>"; };
		ED5F714B247299AB004DA1D3 /* SelectCountryViewModelType.swift */ = {isa = PBXFileReference; lastKnownFileType = sourcecode.swift; path = SelectCountryViewModelType.swift; sourceTree = "<group>"; };
		ED5F714D247299C7004DA1D3 /* CountryTableViewCell.swift */ = {isa = PBXFileReference; lastKnownFileType = sourcecode.swift; path = CountryTableViewCell.swift; sourceTree = "<group>"; };
		ED6B31AA24BDC3B500D6348F /* SFProText-Bold.ttf */ = {isa = PBXFileReference; lastKnownFileType = file; path = "SFProText-Bold.ttf"; sourceTree = "<group>"; };
		ED6B31AC24BDC4F400D6348F /* SearchHeader.xib */ = {isa = PBXFileReference; lastKnownFileType = file.xib; path = SearchHeader.xib; sourceTree = "<group>"; };
		ED6B31B024BDC66300D6348F /* SearchViewHeader.swift */ = {isa = PBXFileReference; lastKnownFileType = sourcecode.swift; path = SearchViewHeader.swift; sourceTree = "<group>"; };
		ED6B31B224BDC6C200D6348F /* SearchCollectionViewCell.swift */ = {isa = PBXFileReference; lastKnownFileType = sourcecode.swift; path = SearchCollectionViewCell.swift; sourceTree = "<group>"; };
		ED6B31B924BDDE3100D6348F /* ResultSearch.swift */ = {isa = PBXFileReference; lastKnownFileType = sourcecode.swift; path = ResultSearch.swift; sourceTree = "<group>"; };
		ED6B31BC24BDE90100D6348F /* SearchServerAPI.swift */ = {isa = PBXFileReference; lastKnownFileType = sourcecode.swift; path = SearchServerAPI.swift; sourceTree = "<group>"; };
		ED6B31BF24BDEDDA00D6348F /* PlacesData.swift */ = {isa = PBXFileReference; lastKnownFileType = sourcecode.swift; name = PlacesData.swift; path = ../PlacesData.swift; sourceTree = "<group>"; };
		ED6B31C124BDEE2000D6348F /* PlacesModel.swift */ = {isa = PBXFileReference; lastKnownFileType = sourcecode.swift; name = PlacesModel.swift; path = ../PlacesModel.swift; sourceTree = "<group>"; };
		ED6B31C324BDEE7800D6348F /* KitchensModel.swift */ = {isa = PBXFileReference; lastKnownFileType = sourcecode.swift; name = KitchensModel.swift; path = ../KitchensModel.swift; sourceTree = "<group>"; };
		ED6B31C524BDEEBB00D6348F /* PivotModel.swift */ = {isa = PBXFileReference; lastKnownFileType = sourcecode.swift; name = PivotModel.swift; path = ../PivotModel.swift; sourceTree = "<group>"; };
		ED6B31C724BDEF4200D6348F /* SearchAPI.swift */ = {isa = PBXFileReference; lastKnownFileType = sourcecode.swift; path = SearchAPI.swift; sourceTree = "<group>"; };
		ED6B31CA24BDF11600D6348F /* SearchViewModel.swift */ = {isa = PBXFileReference; lastKnownFileType = sourcecode.swift; path = SearchViewModel.swift; sourceTree = "<group>"; };
		ED6B31CD24BDF12C00D6348F /* SearchViewModelType.swift */ = {isa = PBXFileReference; lastKnownFileType = sourcecode.swift; path = SearchViewModelType.swift; sourceTree = "<group>"; };
		ED6B31CF24BDF16900D6348F /* SearchOffers.swift */ = {isa = PBXFileReference; lastKnownFileType = sourcecode.swift; name = SearchOffers.swift; path = ../SearchOffers.swift; sourceTree = "<group>"; };
		ED6B31D424BF212900D6348F /* SearchPlacesViewController.swift */ = {isa = PBXFileReference; lastKnownFileType = sourcecode.swift; path = SearchPlacesViewController.swift; sourceTree = "<group>"; };
		ED6B31D624BF327B00D6348F /* BaseSearchViewController.swift */ = {isa = PBXFileReference; lastKnownFileType = sourcecode.swift; path = BaseSearchViewController.swift; sourceTree = "<group>"; };
		ED6B31D824BF3B7500D6348F /* SearchCellViewModel.swift */ = {isa = PBXFileReference; lastKnownFileType = sourcecode.swift; path = SearchCellViewModel.swift; sourceTree = "<group>"; };
		ED6B31DA24BF3B8600D6348F /* SearchCellViewModelType.swift */ = {isa = PBXFileReference; lastKnownFileType = sourcecode.swift; path = SearchCellViewModelType.swift; sourceTree = "<group>"; };
		ED84C480247261A6009D6742 /* DesignableUIView.swift */ = {isa = PBXFileReference; lastKnownFileType = sourcecode.swift; path = DesignableUIView.swift; sourceTree = "<group>"; };
		ED84C482247266F5009D6742 /* DesignableUIButton.swift */ = {isa = PBXFileReference; lastKnownFileType = sourcecode.swift; path = DesignableUIButton.swift; sourceTree = "<group>"; };
		ED84C484247267C5009D6742 /* Circle-Regular.ttf */ = {isa = PBXFileReference; lastKnownFileType = file; path = "Circle-Regular.ttf"; sourceTree = "<group>"; };
		ED84C486247269C8009D6742 /* SFProText-Medium.ttf */ = {isa = PBXFileReference; lastKnownFileType = file; path = "SFProText-Medium.ttf"; sourceTree = "<group>"; };
		ED84C487247269C8009D6742 /* SFProText-Light.ttf */ = {isa = PBXFileReference; lastKnownFileType = file; path = "SFProText-Light.ttf"; sourceTree = "<group>"; };
		ED84C48A247271E0009D6742 /* SFProText-Semibold.ttf */ = {isa = PBXFileReference; lastKnownFileType = file; path = "SFProText-Semibold.ttf"; sourceTree = "<group>"; };
		ED84C48C247274A5009D6742 /* SFProText-Regular.ttf */ = {isa = PBXFileReference; lastKnownFileType = file; path = "SFProText-Regular.ttf"; sourceTree = "<group>"; };
		ED84C4902472792E009D6742 /* CodeTextFieldDelegate.swift */ = {isa = PBXFileReference; lastKnownFileType = sourcecode.swift; path = CodeTextFieldDelegate.swift; sourceTree = "<group>"; };
		ED84C49224727959009D6742 /* CodeTextField.swift */ = {isa = PBXFileReference; lastKnownFileType = sourcecode.swift; path = CodeTextField.swift; sourceTree = "<group>"; };
		ED84C49C24728345009D6742 /* SignUpViewModel.swift */ = {isa = PBXFileReference; lastKnownFileType = sourcecode.swift; path = SignUpViewModel.swift; sourceTree = "<group>"; };
		ED84C49E24728354009D6742 /* SignUpViewModelType.swift */ = {isa = PBXFileReference; lastKnownFileType = sourcecode.swift; path = SignUpViewModelType.swift; sourceTree = "<group>"; };
		ED84C4A124728392009D6742 /* ExtensionString.swift */ = {isa = PBXFileReference; lastKnownFileType = sourcecode.swift; path = ExtensionString.swift; sourceTree = "<group>"; };
		ED84C4A4247284FE009D6742 /* Country.swift */ = {isa = PBXFileReference; lastKnownFileType = sourcecode.swift; path = Country.swift; sourceTree = "<group>"; };
		ED9135742477F7F4008065E2 /* SignUpViewController.swift */ = {isa = PBXFileReference; fileEncoding = 4; lastKnownFileType = sourcecode.swift; path = SignUpViewController.swift; sourceTree = "<group>"; };
		ED9F28D124C0DDF300EB17CA /* ResultSearchViewController.swift */ = {isa = PBXFileReference; lastKnownFileType = sourcecode.swift; path = ResultSearchViewController.swift; sourceTree = "<group>"; };
		ED9F28D424C0E03E00EB17CA /* ResultSearchViewModel.swift */ = {isa = PBXFileReference; lastKnownFileType = sourcecode.swift; path = ResultSearchViewModel.swift; sourceTree = "<group>"; };
		ED9F28D824C0E06300EB17CA /* ResultSearchViewModelType.swift */ = {isa = PBXFileReference; lastKnownFileType = sourcecode.swift; path = ResultSearchViewModelType.swift; sourceTree = "<group>"; };
		ED9F28DE24C0EBA700EB17CA /* RSearchCellViewModelType.swift */ = {isa = PBXFileReference; lastKnownFileType = sourcecode.swift; path = RSearchCellViewModelType.swift; sourceTree = "<group>"; };
		ED9F28E024C0EBC100EB17CA /* RSearchCellViewModel.swift */ = {isa = PBXFileReference; lastKnownFileType = sourcecode.swift; path = RSearchCellViewModel.swift; sourceTree = "<group>"; };
		ED9F28E224C2329400EB17CA /* RSearchTableViewCell.swift */ = {isa = PBXFileReference; lastKnownFileType = sourcecode.swift; name = RSearchTableViewCell.swift; path = ../../../../../Storyboards/Search/RSearchTableViewCell.swift; sourceTree = "<group>"; };
		ED9F28E324C2329400EB17CA /* RSearchTableViewCell.xib */ = {isa = PBXFileReference; lastKnownFileType = file.xib; path = RSearchTableViewCell.xib; sourceTree = "<group>"; };
		EDA43271247549B100A2BB52 /* MainViewDelegate.swift */ = {isa = PBXFileReference; lastKnownFileType = sourcecode.swift; path = MainViewDelegate.swift; sourceTree = "<group>"; };
		EDA4327424754BC600A2BB52 /* UserInfoModel.swift */ = {isa = PBXFileReference; lastKnownFileType = sourcecode.swift; path = UserInfoModel.swift; sourceTree = "<group>"; };
		EDA4327624754C5600A2BB52 /* UserInfo.swift */ = {isa = PBXFileReference; lastKnownFileType = sourcecode.swift; path = UserInfo.swift; sourceTree = "<group>"; };
		EDA4327A247568D600A2BB52 /* Alerts.storyboard */ = {isa = PBXFileReference; lastKnownFileType = file.storyboard; path = Alerts.storyboard; sourceTree = "<group>"; };
		EDA4327D24756DCB00A2BB52 /* AlertLogoutViewController.swift */ = {isa = PBXFileReference; lastKnownFileType = sourcecode.swift; path = AlertLogoutViewController.swift; sourceTree = "<group>"; };
		EDDCB30024729CB800863066 /* CountryCellViewModel.swift */ = {isa = PBXFileReference; lastKnownFileType = sourcecode.swift; path = CountryCellViewModel.swift; sourceTree = "<group>"; };
		EDDCB30224729CC300863066 /* CountryCellViewModelType.swift */ = {isa = PBXFileReference; lastKnownFileType = sourcecode.swift; path = CountryCellViewModelType.swift; sourceTree = "<group>"; };
		EDDCB3052472BDD800863066 /* CodeViewController.swift */ = {isa = PBXFileReference; lastKnownFileType = sourcecode.swift; name = CodeViewController.swift; path = ../CodeViewController.swift; sourceTree = "<group>"; };
		EDDCB3092472C19400863066 /* CodeViewModel.swift */ = {isa = PBXFileReference; lastKnownFileType = sourcecode.swift; path = CodeViewModel.swift; sourceTree = "<group>"; };
		EDDCB30C2472C1AF00863066 /* CodeViewModelType.swift */ = {isa = PBXFileReference; lastKnownFileType = sourcecode.swift; path = CodeViewModelType.swift; sourceTree = "<group>"; };
		EDDCB30F2472ECFC00863066 /* AuthProviderProtocol.swift */ = {isa = PBXFileReference; lastKnownFileType = sourcecode.swift; path = AuthProviderProtocol.swift; sourceTree = "<group>"; };
		EDDCB3112472ED7800863066 /* AuthToken.swift */ = {isa = PBXFileReference; lastKnownFileType = sourcecode.swift; path = AuthToken.swift; sourceTree = "<group>"; };
		EDDCB3142472EDC300863066 /* AppleAuthService.swift */ = {isa = PBXFileReference; lastKnownFileType = sourcecode.swift; path = AppleAuthService.swift; sourceTree = "<group>"; };
		EDDCB3162472F67300863066 /* Nowait.entitlements */ = {isa = PBXFileReference; lastKnownFileType = text.plist.entitlements; path = Nowait.entitlements; sourceTree = "<group>"; };
		EDDCB317247315A400863066 /* credentials.plist */ = {isa = PBXFileReference; fileEncoding = 4; lastKnownFileType = text.plist.xml; path = credentials.plist; sourceTree = "<group>"; };
		EDDCB31D2473218A00863066 /* GoogleAuthToken.swift */ = {isa = PBXFileReference; lastKnownFileType = sourcecode.swift; path = GoogleAuthToken.swift; sourceTree = "<group>"; };
		EDDCB31F2473229D00863066 /* GoogleAuthService.swift */ = {isa = PBXFileReference; lastKnownFileType = sourcecode.swift; path = GoogleAuthService.swift; sourceTree = "<group>"; };
		EDDCB321247322E400863066 /* GoogleAuthProviderProtocol.swift */ = {isa = PBXFileReference; lastKnownFileType = sourcecode.swift; path = GoogleAuthProviderProtocol.swift; sourceTree = "<group>"; };
		EDDCB323247402FB00863066 /* DesignableUIImageView.swift */ = {isa = PBXFileReference; lastKnownFileType = sourcecode.swift; path = DesignableUIImageView.swift; sourceTree = "<group>"; };
		EDDCB3252474089C00863066 /* MainTableViewController.swift */ = {isa = PBXFileReference; lastKnownFileType = sourcecode.swift; path = MainTableViewController.swift; sourceTree = "<group>"; };
		EDDCB327247436D200863066 /* MainHeader.xib */ = {isa = PBXFileReference; lastKnownFileType = file.xib; path = MainHeader.xib; sourceTree = "<group>"; };
		EDDCB329247437A700863066 /* MainHeaderUIView.swift */ = {isa = PBXFileReference; lastKnownFileType = sourcecode.swift; path = MainHeaderUIView.swift; sourceTree = "<group>"; };
		EDDCB32B247437FB00863066 /* MainMenuSectionModel.swift */ = {isa = PBXFileReference; lastKnownFileType = sourcecode.swift; path = MainMenuSectionModel.swift; sourceTree = "<group>"; };
		EDDCB32E247438EF00863066 /* ExtensionUIView.swift */ = {isa = PBXFileReference; lastKnownFileType = sourcecode.swift; path = ExtensionUIView.swift; sourceTree = "<group>"; };
		EDDCB3312474455E00863066 /* FacebookAuthProviderProtocol.swift */ = {isa = PBXFileReference; lastKnownFileType = sourcecode.swift; path = FacebookAuthProviderProtocol.swift; sourceTree = "<group>"; };
		EDDCB3342474464E00863066 /* FacebookAuthToken.swift */ = {isa = PBXFileReference; lastKnownFileType = sourcecode.swift; path = FacebookAuthToken.swift; sourceTree = "<group>"; };
		EDDCB336247446B000863066 /* FacebookAuthService.swift */ = {isa = PBXFileReference; lastKnownFileType = sourcecode.swift; path = FacebookAuthService.swift; sourceTree = "<group>"; };
		EDDCB341247502F700863066 /* AuthServerAPI.swift */ = {isa = PBXFileReference; lastKnownFileType = sourcecode.swift; path = AuthServerAPI.swift; sourceTree = "<group>"; };
		EDDCB3442475039000863066 /* BaseUrl.swift */ = {isa = PBXFileReference; lastKnownFileType = sourcecode.swift; path = BaseUrl.swift; sourceTree = "<group>"; };
		EDDCB346247504F300863066 /* DefaultAlamofireManager.swift */ = {isa = PBXFileReference; lastKnownFileType = sourcecode.swift; path = DefaultAlamofireManager.swift; sourceTree = "<group>"; };
		EDDCB3482475050D00863066 /* BaseResponseModel.swift */ = {isa = PBXFileReference; lastKnownFileType = sourcecode.swift; path = BaseResponseModel.swift; sourceTree = "<group>"; };
		EDDCB34A2475060A00863066 /* AuthAPI.swift */ = {isa = PBXFileReference; lastKnownFileType = sourcecode.swift; path = AuthAPI.swift; sourceTree = "<group>"; };
		EDDCB34D2475087800863066 /* CountryModels.swift */ = {isa = PBXFileReference; lastKnownFileType = sourcecode.swift; path = CountryModels.swift; sourceTree = "<group>"; };
		EDE6E16B248692B000C06998 /* LaunchViewController.swift */ = {isa = PBXFileReference; lastKnownFileType = sourcecode.swift; name = LaunchViewController.swift; path = ../LaunchViewController.swift; sourceTree = "<group>"; };
		EDE6E1732486983D00C06998 /* UserInfoData.swift */ = {isa = PBXFileReference; lastKnownFileType = sourcecode.swift; path = UserInfoData.swift; sourceTree = "<group>"; };
		EDE6E17524869AF300C06998 /* ErrorResponce.swift */ = {isa = PBXFileReference; lastKnownFileType = sourcecode.swift; path = ErrorResponce.swift; sourceTree = "<group>"; };
		EDE7F5B424BDB2BE0028B778 /* Search.storyboard */ = {isa = PBXFileReference; lastKnownFileType = file.storyboard; path = Search.storyboard; sourceTree = "<group>"; };
		EDE7F5B724BDB7290028B778 /* SearchViewController.swift */ = {isa = PBXFileReference; lastKnownFileType = sourcecode.swift; name = SearchViewController.swift; path = ../SearchViewController.swift; sourceTree = "<group>"; };
		EDEE6BB324856767004DBFB3 /* EditFields.swift */ = {isa = PBXFileReference; lastKnownFileType = sourcecode.swift; path = EditFields.swift; sourceTree = "<group>"; };
		EDEE6BB624856B3D004DBFB3 /* PersonalInformationViewModel.swift */ = {isa = PBXFileReference; lastKnownFileType = sourcecode.swift; path = PersonalInformationViewModel.swift; sourceTree = "<group>"; };
		EDEE6BB924856B5D004DBFB3 /* PersonalInformationViewModelType.swift */ = {isa = PBXFileReference; lastKnownFileType = sourcecode.swift; path = PersonalInformationViewModelType.swift; sourceTree = "<group>"; };
		EDEE6BBB24858858004DBFB3 /* ListCountry.swift */ = {isa = PBXFileReference; lastKnownFileType = sourcecode.swift; path = ListCountry.swift; sourceTree = "<group>"; };
		EDEFC3D22485261E003636F2 /* InteractivePopRecognizer.swift */ = {isa = PBXFileReference; lastKnownFileType = sourcecode.swift; path = InteractivePopRecognizer.swift; sourceTree = "<group>"; };
		EDEFC3D424852649003636F2 /* HiddenNavBarNavigationController.swift */ = {isa = PBXFileReference; lastKnownFileType = sourcecode.swift; path = HiddenNavBarNavigationController.swift; sourceTree = "<group>"; };
		EDEFC3D624852740003636F2 /* ExtensionUIViewController.swift */ = {isa = PBXFileReference; lastKnownFileType = sourcecode.swift; path = ExtensionUIViewController.swift; sourceTree = "<group>"; };
		EDEFC3D924852862003636F2 /* TabBarNavigationDelegate.swift */ = {isa = PBXFileReference; lastKnownFileType = sourcecode.swift; path = TabBarNavigationDelegate.swift; sourceTree = "<group>"; };
		EDEFC3DC24853C67003636F2 /* PersonalInformationViewController.swift */ = {isa = PBXFileReference; lastKnownFileType = sourcecode.swift; name = PersonalInformationViewController.swift; path = ../PersonalInformationViewController.swift; sourceTree = "<group>"; };
		EDF862A224750B15000FC85B /* ResultResponce.swift */ = {isa = PBXFileReference; lastKnownFileType = sourcecode.swift; path = ResultResponce.swift; sourceTree = "<group>"; };
		EDF862A524750E46000FC85B /* UDID.swift */ = {isa = PBXFileReference; lastKnownFileType = sourcecode.swift; path = UDID.swift; sourceTree = "<group>"; };
		EDF862A724750ED0000FC85B /* AuthTokenNowait.swift */ = {isa = PBXFileReference; lastKnownFileType = sourcecode.swift; name = AuthTokenNowait.swift; path = ../../../ViewControllers/Main/Profile/Model/AuthTokenNowait.swift; sourceTree = "<group>"; };
		EDF862A924750F27000FC85B /* AuthTokenNowaitType.swift */ = {isa = PBXFileReference; lastKnownFileType = sourcecode.swift; path = AuthTokenNowaitType.swift; sourceTree = "<group>"; };
		EDF862AC2475179C000FC85B /* TokenModel.swift */ = {isa = PBXFileReference; lastKnownFileType = sourcecode.swift; path = TokenModel.swift; sourceTree = "<group>"; };
		EDF862AE24753BEB000FC85B /* MainMenuCell.swift */ = {isa = PBXFileReference; lastKnownFileType = sourcecode.swift; path = MainMenuCell.swift; sourceTree = "<group>"; };
		EDFA474D24827F58001F9575 /* TabBarViewController.swift */ = {isa = PBXFileReference; lastKnownFileType = sourcecode.swift; path = TabBarViewController.swift; sourceTree = "<group>"; };
		EDFA475224828035001F9575 /* ItemsTabBar.swift */ = {isa = PBXFileReference; lastKnownFileType = sourcecode.swift; path = ItemsTabBar.swift; sourceTree = "<group>"; };
/* End PBXFileReference section */

/* Begin PBXFrameworksBuildPhase section */
		ED03585F24725959005A6745 /* Frameworks */ = {
			isa = PBXFrameworksBuildPhase;
			buildActionMask = 2147483647;
			files = (
				437DCEF5CF935E80733C7C78 /* Pods_Nowait.framework in Frameworks */,
			);
			runOnlyForDeploymentPostprocessing = 0;
		};
/* End PBXFrameworksBuildPhase section */

/* Begin PBXGroup section */
		09493B762B636B448B3A3E47 /* Pods */ = {
			isa = PBXGroup;
			children = (
				3C675F1E6F98531AC9D1348C /* Pods-Nowait.debug.xcconfig */,
				A81D279F2DB5F3AE9299B5F0 /* Pods-Nowait.release.xcconfig */,
			);
			path = Pods;
			sourceTree = "<group>";
		};
		76E69FB6DD5FF18CFAAAE2B2 /* Frameworks */ = {
			isa = PBXGroup;
			children = (
				760A5EC3A6915C23C98B2C6C /* Pods_Nowait.framework */,
			);
			name = Frameworks;
			sourceTree = "<group>";
		};
		ED03585924725959005A6745 = {
			isa = PBXGroup;
			children = (
				ED03586424725959005A6745 /* Nowait */,
				ED03586324725959005A6745 /* Products */,
				09493B762B636B448B3A3E47 /* Pods */,
				76E69FB6DD5FF18CFAAAE2B2 /* Frameworks */,
			);
			sourceTree = "<group>";
		};
		ED03586324725959005A6745 /* Products */ = {
			isa = PBXGroup;
			children = (
				ED03586224725959005A6745 /* Nowait.app */,
			);
			name = Products;
			sourceTree = "<group>";
		};
		ED03586424725959005A6745 /* Nowait */ = {
			isa = PBXGroup;
			children = (
				EDDCB3162472F67300863066 /* Nowait.entitlements */,
				EDDCB33F247502B100863066 /* API */,
				ED03587D24725A91005A6745 /* App */,
				ED03587F24725AC3005A6745 /* ViewControllers */,
				ED03587E24725AAE005A6745 /* Storyboards */,
				ED03587C24725A7E005A6745 /* Resourse */,
				ED84C47E24726165009D6742 /* Helpers */,
			);
			path = Nowait;
			sourceTree = "<group>";
		};
		ED03587C24725A7E005A6745 /* Resourse */ = {
			isa = PBXGroup;
			children = (
				ED03588224725E4C005A6745 /* Fonts */,
				ED03586E24725959005A6745 /* Nowait.xcdatamodeld */,
				ED03587124725961005A6745 /* Assets.xcassets */,
				ED03587624725961005A6745 /* Info.plist */,
				EDDCB317247315A400863066 /* credentials.plist */,
			);
			path = Resourse;
			sourceTree = "<group>";
		};
		ED03587D24725A91005A6745 /* App */ = {
			isa = PBXGroup;
			children = (
				ED03586724725959005A6745 /* SceneDelegate.swift */,
				ED03586524725959005A6745 /* AppDelegate.swift */,
			);
			path = App;
			sourceTree = "<group>";
		};
		ED03587E24725AAE005A6745 /* Storyboards */ = {
			isa = PBXGroup;
			children = (
				ED84C47F24726175009D6742 /* Designable */,
				ED03586B24725959005A6745 /* Main.storyboard */,
				ED03587324725961005A6745 /* LaunchScreen.storyboard */,
				ED03588024725D35005A6745 /* Registration.storyboard */,
				EDA4327A247568D600A2BB52 /* Alerts.storyboard */,
				ED6B31AE24BDC4F900D6348F /* Search */,
			);
			path = Storyboards;
			sourceTree = "<group>";
		};
		ED03587F24725AC3005A6745 /* ViewControllers */ = {
			isa = PBXGroup;
			children = (
				EDE6E16A2486929100C06998 /* Launch */,
				EDEFC3D1248525F1003636F2 /* NavigationController */,
				EDA4327C24756DB200A2BB52 /* Alerts */,
				ED84C494247280E4009D6742 /* Registration */,
				ED5F7139247288EA004DA1D3 /* Main */,
			);
			path = ViewControllers;
			sourceTree = "<group>";
		};
		ED03588224725E4C005A6745 /* Fonts */ = {
			isa = PBXGroup;
			children = (
				ED84C484247267C5009D6742 /* Circle-Regular.ttf */,
				ED03588424725E8D005A6745 /* SFProDisplay-Medium.ttf */,
				ED03588324725E8D005A6745 /* SFProDisplay-Regular.ttf */,
				ED03588524725E8D005A6745 /* SFProDisplay-Semibold.ttf */,
				ED84C487247269C8009D6742 /* SFProText-Light.ttf */,
				ED84C486247269C8009D6742 /* SFProText-Medium.ttf */,
				ED84C48A247271E0009D6742 /* SFProText-Semibold.ttf */,
				ED84C48C247274A5009D6742 /* SFProText-Regular.ttf */,
				ED6B31AA24BDC3B500D6348F /* SFProText-Bold.ttf */,
			);
			path = Fonts;
			sourceTree = "<group>";
		};
		ED18607224BF50B700D80150 /* ViewModel */ = {
			isa = PBXGroup;
			children = (
				ED18607424BF50DB00D80150 /* SearchPlacesViewModel.swift */,
				ED18608924BF5B6B00D80150 /* ResultSearchCellViewModel.swift */,
			);
			path = ViewModel;
			sourceTree = "<group>";
		};
		ED18607324BF50C300D80150 /* Protocols */ = {
			isa = PBXGroup;
			children = (
				ED18607624BF50EB00D80150 /* SearchPlacesViewModelType.swift */,
				ED18608B24BF5B8100D80150 /* ResultSearchCellViewModelType.swift */,
			);
			path = Protocols;
			sourceTree = "<group>";
		};
		ED18607E24BF57E900D80150 /* Places */ = {
			isa = PBXGroup;
			children = (
				ED6B31BF24BDEDDA00D6348F /* PlacesData.swift */,
				ED6B31C124BDEE2000D6348F /* PlacesModel.swift */,
				ED6B31C324BDEE7800D6348F /* KitchensModel.swift */,
				ED6B31C524BDEEBB00D6348F /* PivotModel.swift */,
			);
			path = Places;
			sourceTree = "<group>";
		};
		ED18607F24BF57F300D80150 /* History */ = {
			isa = PBXGroup;
			children = (
				ED18607824BF531B00D80150 /* HistorySearchData.swift */,
				ED18607A24BF538300D80150 /* HistorySearchModel.swift */,
			);
			path = History;
			sourceTree = "<group>";
		};
		ED18608024BF57FE00D80150 /* ResultSearch */ = {
			isa = PBXGroup;
			children = (
				ED18607C24BF57B000D80150 /* ResultSearchData.swift */,
				ED18608324BF584F00D80150 /* ResultSearchModel.swift */,
			);
			path = ResultSearch;
			sourceTree = "<group>";
		};
		ED3DB5DA24C5BCD500526556 /* Model */ = {
			isa = PBXGroup;
			children = (
				ED3DB5DB24C5BCEB00526556 /* SearchType.swift */,
			);
			path = Model;
			sourceTree = "<group>";
		};
		ED5F7139247288EA004DA1D3 /* Main */ = {
			isa = PBXGroup;
			children = (
				EDE7F5B624BDB7170028B778 /* Search */,
				EDEFC3DE2485442B003636F2 /* Profile */,
				EDEFC3E0248545A0003636F2 /* ContainerMain */,
				EDFA474F24828004001F9575 /* TabBar */,
			);
			path = Main;
			sourceTree = "<group>";
		};
		ED5F713A247288F1004DA1D3 /* View */ = {
			isa = PBXGroup;
			children = (
				ED03586924725959005A6745 /* MainViewController.swift */,
			);
			path = View;
			sourceTree = "<group>";
		};
		ED5F713B247288F9004DA1D3 /* ViewModel */ = {
			isa = PBXGroup;
			children = (
				ED5F713C2472890E004DA1D3 /* MainViewModel.swift */,
			);
			path = ViewModel;
			sourceTree = "<group>";
		};
		ED5F713E24728917004DA1D3 /* Protocols */ = {
			isa = PBXGroup;
			children = (
				ED5F713F24728922004DA1D3 /* MainViewModelType.swift */,
				EDF862A924750F27000FC85B /* AuthTokenNowaitType.swift */,
			);
			path = Protocols;
			sourceTree = "<group>";
		};
		ED5F7141247298AE004DA1D3 /* SignUp */ = {
			isa = PBXGroup;
			children = (
				ED84C4A3247284E4009D6742 /* Model */,
				ED84C49B2472832E009D6742 /* Protocol */,
				ED84C49A24728328009D6742 /* ViewModel */,
				ED84C49924728323009D6742 /* View */,
			);
			path = SignUp;
			sourceTree = "<group>";
		};
		ED5F7142247298BA004DA1D3 /* SelectCountry */ = {
			isa = PBXGroup;
			children = (
				ED5F7145247298EB004DA1D3 /* Protocol */,
				ED5F7144247298E3004DA1D3 /* ViewModel */,
				ED5F7143247298C8004DA1D3 /* View */,
			);
			path = SelectCountry;
			sourceTree = "<group>";
		};
		ED5F7143247298C8004DA1D3 /* View */ = {
			isa = PBXGroup;
			children = (
				ED5F71472472990C004DA1D3 /* SelectCountryViewController.swift */,
				ED5F714D247299C7004DA1D3 /* CountryTableViewCell.swift */,
			);
			path = View;
			sourceTree = "<group>";
		};
		ED5F7144247298E3004DA1D3 /* ViewModel */ = {
			isa = PBXGroup;
			children = (
				ED5F71492472999D004DA1D3 /* SelectCountryViewModel.swift */,
				EDDCB30024729CB800863066 /* CountryCellViewModel.swift */,
			);
			name = ViewModel;
			sourceTree = "<group>";
		};
		ED5F7145247298EB004DA1D3 /* Protocol */ = {
			isa = PBXGroup;
			children = (
				ED5F714B247299AB004DA1D3 /* SelectCountryViewModelType.swift */,
				EDDCB30224729CC300863066 /* CountryCellViewModelType.swift */,
			);
			path = Protocol;
			sourceTree = "<group>";
		};
		ED6B31AE24BDC4F900D6348F /* Search */ = {
			isa = PBXGroup;
			children = (
				EDE7F5B424BDB2BE0028B778 /* Search.storyboard */,
				ED6B31AC24BDC4F400D6348F /* SearchHeader.xib */,
				ED9F28E324C2329400EB17CA /* RSearchTableViewCell.xib */,
			);
			path = Search;
			sourceTree = "<group>";
		};
		ED6B31AF24BDC64A00D6348F /* View */ = {
			isa = PBXGroup;
			children = (
				EDE7F5B724BDB7290028B778 /* SearchViewController.swift */,
				ED6B31B024BDC66300D6348F /* SearchViewHeader.swift */,
				ED6B31B224BDC6C200D6348F /* SearchCollectionViewCell.swift */,
				ED1DD03424BF42A8005BB18A /* SearchHeaderCollectionReusableView.swift */,
			);
			name = View;
			path = ..;
			sourceTree = "<group>";
		};
		ED6B31B624BDDDF000D6348F /* ResultSearch */ = {
			isa = PBXGroup;
			children = (
				ED9F28D624C0E04D00EB17CA /* Protocol */,
				ED9F28D324C0E02700EB17CA /* ViewModel */,
				ED6B31B824BDDE1900D6348F /* View */,
			);
			path = ResultSearch;
			sourceTree = "<group>";
		};
		ED6B31B724BDDDFA00D6348F /* Search */ = {
			isa = PBXGroup;
			children = (
				ED6B31CC24BDF11E00D6348F /* Protocols */,
				ED6B31D124BDF16E00D6348F /* Models */,
				ED6B31C924BDF0FF00D6348F /* ViewModel */,
				ED6B31AF24BDC64A00D6348F /* View */,
			);
			name = Search;
			path = View/Search;
			sourceTree = "<group>";
		};
		ED6B31B824BDDE1900D6348F /* View */ = {
			isa = PBXGroup;
			children = (
				ED9F28D124C0DDF300EB17CA /* ResultSearchViewController.swift */,
				ED6B31B924BDDE3100D6348F /* ResultSearch.swift */,
				ED9F28E224C2329400EB17CA /* RSearchTableViewCell.swift */,
			);
			path = View;
			sourceTree = "<group>";
		};
		ED6B31BB24BDE8D700D6348F /* Search */ = {
			isa = PBXGroup;
			children = (
				ED6B31BE24BDEDB300D6348F /* Models */,
				ED6B31BC24BDE90100D6348F /* SearchServerAPI.swift */,
				ED6B31C724BDEF4200D6348F /* SearchAPI.swift */,
			);
			path = Search;
			sourceTree = "<group>";
		};
		ED6B31BE24BDEDB300D6348F /* Models */ = {
			isa = PBXGroup;
			children = (
				ED18607E24BF57E900D80150 /* Places */,
				ED18607F24BF57F300D80150 /* History */,
				ED18608024BF57FE00D80150 /* ResultSearch */,
			);
			path = Models;
			sourceTree = "<group>";
		};
		ED6B31C924BDF0FF00D6348F /* ViewModel */ = {
			isa = PBXGroup;
			children = (
				ED6B31CA24BDF11600D6348F /* SearchViewModel.swift */,
				ED6B31D824BF3B7500D6348F /* SearchCellViewModel.swift */,
			);
			path = ViewModel;
			sourceTree = "<group>";
		};
		ED6B31CC24BDF11E00D6348F /* Protocols */ = {
			isa = PBXGroup;
			children = (
				ED6B31CD24BDF12C00D6348F /* SearchViewModelType.swift */,
				ED6B31DA24BF3B8600D6348F /* SearchCellViewModelType.swift */,
			);
			path = Protocols;
			sourceTree = "<group>";
		};
		ED6B31D124BDF16E00D6348F /* Models */ = {
			isa = PBXGroup;
			children = (
				ED6B31CF24BDF16900D6348F /* SearchOffers.swift */,
			);
			path = Models;
			sourceTree = "<group>";
		};
		ED6B31D224BF210200D6348F /* SearchPlaces */ = {
			isa = PBXGroup;
			children = (
				ED3DB5DA24C5BCD500526556 /* Model */,
				ED18607324BF50C300D80150 /* Protocols */,
				ED18607224BF50B700D80150 /* ViewModel */,
				ED6B31D324BF211100D6348F /* View */,
			);
			path = SearchPlaces;
			sourceTree = "<group>";
		};
		ED6B31D324BF211100D6348F /* View */ = {
			isa = PBXGroup;
			children = (
				ED6B31D424BF212900D6348F /* SearchPlacesViewController.swift */,
				ED18608524BF5AD000D80150 /* HistorySearchTableViewCell.swift */,
				ED18608724BF5B2A00D80150 /* ResultSearchTableViewCell.swift */,
			);
			path = View;
			sourceTree = "<group>";
		};
		ED84C47E24726165009D6742 /* Helpers */ = {
			isa = PBXGroup;
			children = (
				EDF862A424750E32000FC85B /* UserDefaults */,
				ED84C4A02472837E009D6742 /* Extensions */,
				ED84C48F2472791C009D6742 /* Protocols */,
				ED84C48E2472790C009D6742 /* Classes */,
			);
			path = Helpers;
			sourceTree = "<group>";
		};
		ED84C47F24726175009D6742 /* Designable */ = {
			isa = PBXGroup;
			children = (
				ED84C480247261A6009D6742 /* DesignableUIView.swift */,
				EDDCB323247402FB00863066 /* DesignableUIImageView.swift */,
				ED84C482247266F5009D6742 /* DesignableUIButton.swift */,
			);
			path = Designable;
			sourceTree = "<group>";
		};
		ED84C48E2472790C009D6742 /* Classes */ = {
			isa = PBXGroup;
			children = (
				EDA432792475548700A2BB52 /* Singletones */,
				ED84C49224727959009D6742 /* CodeTextField.swift */,
			);
			path = Classes;
			sourceTree = "<group>";
		};
		ED84C48F2472791C009D6742 /* Protocols */ = {
			isa = PBXGroup;
			children = (
				ED84C4902472792E009D6742 /* CodeTextFieldDelegate.swift */,
			);
			path = Protocols;
			sourceTree = "<group>";
		};
		ED84C494247280E4009D6742 /* Registration */ = {
			isa = PBXGroup;
			children = (
				EDEFC3DB24853C4E003636F2 /* PersonalInformation */,
				EDDCB3042472BDB900863066 /* Code */,
				ED5F7142247298BA004DA1D3 /* SelectCountry */,
				ED5F7141247298AE004DA1D3 /* SignUp */,
			);
			path = Registration;
			sourceTree = "<group>";
		};
		ED84C49924728323009D6742 /* View */ = {
			isa = PBXGroup;
			children = (
				ED9135742477F7F4008065E2 /* SignUpViewController.swift */,
			);
			path = View;
			sourceTree = "<group>";
		};
		ED84C49A24728328009D6742 /* ViewModel */ = {
			isa = PBXGroup;
			children = (
				ED84C49C24728345009D6742 /* SignUpViewModel.swift */,
			);
			path = ViewModel;
			sourceTree = "<group>";
		};
		ED84C49B2472832E009D6742 /* Protocol */ = {
			isa = PBXGroup;
			children = (
				EDDCB3302474453A00863066 /* FacebookSignIn */,
				EDDCB31A2473213400863066 /* GoogleSignIn */,
				EDDCB30E2472ECED00863066 /* AppleID */,
				ED84C49E24728354009D6742 /* SignUpViewModelType.swift */,
			);
			path = Protocol;
			sourceTree = "<group>";
		};
		ED84C4A02472837E009D6742 /* Extensions */ = {
			isa = PBXGroup;
			children = (
				ED84C4A124728392009D6742 /* ExtensionString.swift */,
				EDDCB32E247438EF00863066 /* ExtensionUIView.swift */,
				EDEFC3D624852740003636F2 /* ExtensionUIViewController.swift */,
			);
			path = Extensions;
			sourceTree = "<group>";
		};
		ED84C4A3247284E4009D6742 /* Model */ = {
			isa = PBXGroup;
			children = (
				EDDCB3332474462400863066 /* FacebookSignIn */,
				EDDCB3192473211F00863066 /* GoogleSignIn */,
				EDDCB3132472EDAD00863066 /* AppleID */,
			);
			path = Model;
			sourceTree = "<group>";
		};
		ED9F28D324C0E02700EB17CA /* ViewModel */ = {
			isa = PBXGroup;
			children = (
				ED9F28D424C0E03E00EB17CA /* ResultSearchViewModel.swift */,
				ED9F28E024C0EBC100EB17CA /* RSearchCellViewModel.swift */,
			);
			path = ViewModel;
			sourceTree = "<group>";
		};
		ED9F28D624C0E04D00EB17CA /* Protocol */ = {
			isa = PBXGroup;
			children = (
				ED9F28D824C0E06300EB17CA /* ResultSearchViewModelType.swift */,
				ED9F28DE24C0EBA700EB17CA /* RSearchCellViewModelType.swift */,
			);
			path = Protocol;
			sourceTree = "<group>";
		};
		EDA4327324754BAF00A2BB52 /* UserInfo */ = {
			isa = PBXGroup;
			children = (
				EDA4327424754BC600A2BB52 /* UserInfoModel.swift */,
				EDA4327624754C5600A2BB52 /* UserInfo.swift */,
			);
			path = UserInfo;
			sourceTree = "<group>";
		};
		EDA432782475546A00A2BB52 /* Country */ = {
			isa = PBXGroup;
			children = (
				EDDCB34D2475087800863066 /* CountryModels.swift */,
				ED84C4A4247284FE009D6742 /* Country.swift */,
			);
			path = Country;
			sourceTree = "<group>";
		};
		EDA432792475548700A2BB52 /* Singletones */ = {
			isa = PBXGroup;
			children = (
				EDF862A724750ED0000FC85B /* AuthTokenNowait.swift */,
				EDEE6BBB24858858004DBFB3 /* ListCountry.swift */,
				EDE6E1732486983D00C06998 /* UserInfoData.swift */,
				EDE6E17524869AF300C06998 /* ErrorResponce.swift */,
			);
			path = Singletones;
			sourceTree = "<group>";
		};
		EDA4327C24756DB200A2BB52 /* Alerts */ = {
			isa = PBXGroup;
			children = (
				EDA4327D24756DCB00A2BB52 /* AlertLogoutViewController.swift */,
			);
			path = Alerts;
			sourceTree = "<group>";
		};
		EDDCB3042472BDB900863066 /* Code */ = {
			isa = PBXGroup;
			children = (
				EDDCB30B2472C1A200863066 /* Protocol */,
				EDDCB3082472C17F00863066 /* ViewModel */,
				EDDCB3072472C17700863066 /* View */,
			);
			path = Code;
			sourceTree = "<group>";
		};
		EDDCB3072472C17700863066 /* View */ = {
			isa = PBXGroup;
			children = (
				EDDCB3052472BDD800863066 /* CodeViewController.swift */,
			);
			path = View;
			sourceTree = "<group>";
		};
		EDDCB3082472C17F00863066 /* ViewModel */ = {
			isa = PBXGroup;
			children = (
				EDDCB3092472C19400863066 /* CodeViewModel.swift */,
			);
			path = ViewModel;
			sourceTree = "<group>";
		};
		EDDCB30B2472C1A200863066 /* Protocol */ = {
			isa = PBXGroup;
			children = (
				EDDCB30C2472C1AF00863066 /* CodeViewModelType.swift */,
			);
			path = Protocol;
			sourceTree = "<group>";
		};
		EDDCB30E2472ECED00863066 /* AppleID */ = {
			isa = PBXGroup;
			children = (
				EDDCB30F2472ECFC00863066 /* AuthProviderProtocol.swift */,
			);
			path = AppleID;
			sourceTree = "<group>";
		};
		EDDCB3132472EDAD00863066 /* AppleID */ = {
			isa = PBXGroup;
			children = (
				EDDCB3112472ED7800863066 /* AuthToken.swift */,
				EDDCB3142472EDC300863066 /* AppleAuthService.swift */,
			);
			path = AppleID;
			sourceTree = "<group>";
		};
		EDDCB3192473211F00863066 /* GoogleSignIn */ = {
			isa = PBXGroup;
			children = (
				EDDCB31D2473218A00863066 /* GoogleAuthToken.swift */,
				EDDCB31F2473229D00863066 /* GoogleAuthService.swift */,
			);
			path = GoogleSignIn;
			sourceTree = "<group>";
		};
		EDDCB31A2473213400863066 /* GoogleSignIn */ = {
			isa = PBXGroup;
			children = (
				EDDCB321247322E400863066 /* GoogleAuthProviderProtocol.swift */,
			);
			path = GoogleSignIn;
			sourceTree = "<group>";
		};
		EDDCB32D2474380000863066 /* Model */ = {
			isa = PBXGroup;
			children = (
				EDDCB32B247437FB00863066 /* MainMenuSectionModel.swift */,
				EDF862AE24753BEB000FC85B /* MainMenuCell.swift */,
			);
			path = Model;
			sourceTree = "<group>";
		};
		EDDCB3302474453A00863066 /* FacebookSignIn */ = {
			isa = PBXGroup;
			children = (
				EDDCB3312474455E00863066 /* FacebookAuthProviderProtocol.swift */,
			);
			path = FacebookSignIn;
			sourceTree = "<group>";
		};
		EDDCB3332474462400863066 /* FacebookSignIn */ = {
			isa = PBXGroup;
			children = (
				EDDCB3342474464E00863066 /* FacebookAuthToken.swift */,
				EDDCB336247446B000863066 /* FacebookAuthService.swift */,
			);
			path = FacebookSignIn;
			sourceTree = "<group>";
		};
		EDDCB33F247502B100863066 /* API */ = {
			isa = PBXGroup;
			children = (
				ED6B31BB24BDE8D700D6348F /* Search */,
				EDDCB3432475038200863066 /* Models */,
				EDDCB340247502DA00863066 /* Auth */,
			);
			path = API;
			sourceTree = "<group>";
		};
		EDDCB340247502DA00863066 /* Auth */ = {
			isa = PBXGroup;
			children = (
				EDF862AB2475178D000FC85B /* Models */,
				EDDCB341247502F700863066 /* AuthServerAPI.swift */,
				EDDCB34A2475060A00863066 /* AuthAPI.swift */,
			);
			path = Auth;
			sourceTree = "<group>";
		};
		EDDCB3432475038200863066 /* Models */ = {
			isa = PBXGroup;
			children = (
				EDDCB3442475039000863066 /* BaseUrl.swift */,
				EDDCB346247504F300863066 /* DefaultAlamofireManager.swift */,
				EDDCB3482475050D00863066 /* BaseResponseModel.swift */,
				EDF862A224750B15000FC85B /* ResultResponce.swift */,
			);
			path = Models;
			sourceTree = "<group>";
		};
		EDE6E16A2486929100C06998 /* Launch */ = {
			isa = PBXGroup;
			children = (
				EDE6E17724869D2300C06998 /* View */,
			);
			path = Launch;
			sourceTree = "<group>";
		};
		EDE6E17724869D2300C06998 /* View */ = {
			isa = PBXGroup;
			children = (
				EDE6E16B248692B000C06998 /* LaunchViewController.swift */,
			);
			path = View;
			sourceTree = "<group>";
		};
		EDE7F5B624BDB7170028B778 /* Search */ = {
			isa = PBXGroup;
			children = (
				ED6B31B724BDDDFA00D6348F /* Search */,
				ED6B31D224BF210200D6348F /* SearchPlaces */,
				ED6B31B624BDDDF000D6348F /* ResultSearch */,
				ED6B31D624BF327B00D6348F /* BaseSearchViewController.swift */,
			);
			path = Search;
			sourceTree = "<group>";
		};
		EDEE6BB12485674B004DBFB3 /* View */ = {
			isa = PBXGroup;
			children = (
				EDEFC3DC24853C67003636F2 /* PersonalInformationViewController.swift */,
			);
			path = View;
			sourceTree = "<group>";
		};
		EDEE6BB224856752004DBFB3 /* Model */ = {
			isa = PBXGroup;
			children = (
				EDEE6BB324856767004DBFB3 /* EditFields.swift */,
			);
			path = Model;
			sourceTree = "<group>";
		};
		EDEE6BB524856B29004DBFB3 /* ViewModel */ = {
			isa = PBXGroup;
			children = (
				EDEE6BB624856B3D004DBFB3 /* PersonalInformationViewModel.swift */,
			);
			path = ViewModel;
			sourceTree = "<group>";
		};
		EDEE6BB824856B4B004DBFB3 /* Protocol */ = {
			isa = PBXGroup;
			children = (
				EDEE6BB924856B5D004DBFB3 /* PersonalInformationViewModelType.swift */,
			);
			path = Protocol;
			sourceTree = "<group>";
		};
		EDEFC3D1248525F1003636F2 /* NavigationController */ = {
			isa = PBXGroup;
			children = (
				EDEFC3D22485261E003636F2 /* InteractivePopRecognizer.swift */,
				EDEFC3D424852649003636F2 /* HiddenNavBarNavigationController.swift */,
			);
			path = NavigationController;
			sourceTree = "<group>";
		};
		EDEFC3D824852845003636F2 /* Protocols */ = {
			isa = PBXGroup;
			children = (
				EDEFC3D924852862003636F2 /* TabBarNavigationDelegate.swift */,
			);
			path = Protocols;
			sourceTree = "<group>";
		};
		EDEFC3DB24853C4E003636F2 /* PersonalInformation */ = {
			isa = PBXGroup;
			children = (
				EDEE6BB824856B4B004DBFB3 /* Protocol */,
				EDEE6BB524856B29004DBFB3 /* ViewModel */,
				EDEE6BB224856752004DBFB3 /* Model */,
				EDEE6BB12485674B004DBFB3 /* View */,
			);
			path = PersonalInformation;
			sourceTree = "<group>";
		};
		EDEFC3DE2485442B003636F2 /* Profile */ = {
			isa = PBXGroup;
			children = (
				EDDCB32D2474380000863066 /* Model */,
				EDEFC3DF2485448D003636F2 /* View */,
			);
			path = Profile;
			sourceTree = "<group>";
		};
		EDEFC3DF2485448D003636F2 /* View */ = {
			isa = PBXGroup;
			children = (
				EDDCB3252474089C00863066 /* MainTableViewController.swift */,
				EDDCB327247436D200863066 /* MainHeader.xib */,
				EDDCB329247437A700863066 /* MainHeaderUIView.swift */,
			);
			path = View;
			sourceTree = "<group>";
		};
		EDEFC3E0248545A0003636F2 /* ContainerMain */ = {
			isa = PBXGroup;
			children = (
				ED5F713B247288F9004DA1D3 /* ViewModel */,
				ED5F713E24728917004DA1D3 /* Protocols */,
				ED5F713A247288F1004DA1D3 /* View */,
			);
			path = ContainerMain;
			sourceTree = "<group>";
		};
		EDF862A424750E32000FC85B /* UserDefaults */ = {
			isa = PBXGroup;
			children = (
				EDF862A524750E46000FC85B /* UDID.swift */,
			);
			path = UserDefaults;
			sourceTree = "<group>";
		};
		EDF862AB2475178D000FC85B /* Models */ = {
			isa = PBXGroup;
			children = (
				EDA4327324754BAF00A2BB52 /* UserInfo */,
				EDA432782475546A00A2BB52 /* Country */,
				EDF862AC2475179C000FC85B /* TokenModel.swift */,
			);
			path = Models;
			sourceTree = "<group>";
		};
		EDFA474F24828004001F9575 /* TabBar */ = {
			isa = PBXGroup;
			children = (
				EDA43271247549B100A2BB52 /* MainViewDelegate.swift */,
				EDEFC3D824852845003636F2 /* Protocols */,
				EDFA47502482800E001F9575 /* Models */,
				EDFA475124828014001F9575 /* View */,
			);
			path = TabBar;
			sourceTree = "<group>";
		};
		EDFA47502482800E001F9575 /* Models */ = {
			isa = PBXGroup;
			children = (
				EDFA475224828035001F9575 /* ItemsTabBar.swift */,
			);
			path = Models;
			sourceTree = "<group>";
		};
		EDFA475124828014001F9575 /* View */ = {
			isa = PBXGroup;
			children = (
				EDFA474D24827F58001F9575 /* TabBarViewController.swift */,
			);
			path = View;
			sourceTree = "<group>";
		};
/* End PBXGroup section */

/* Begin PBXNativeTarget section */
		ED03586124725959005A6745 /* Nowait */ = {
			isa = PBXNativeTarget;
			buildConfigurationList = ED03587924725961005A6745 /* Build configuration list for PBXNativeTarget "Nowait" */;
			buildPhases = (
				DC1A1D691E3C241F74E41357 /* [CP] Check Pods Manifest.lock */,
				ED03585E24725959005A6745 /* Sources */,
				ED03585F24725959005A6745 /* Frameworks */,
				ED03586024725959005A6745 /* Resources */,
				7912784781074E095C391C9B /* [CP] Embed Pods Frameworks */,
				0CE72CD9B109A8FED20287C5 /* [CP] Copy Pods Resources */,
			);
			buildRules = (
			);
			dependencies = (
			);
			name = Nowait;
			productName = Nowait;
			productReference = ED03586224725959005A6745 /* Nowait.app */;
			productType = "com.apple.product-type.application";
		};
/* End PBXNativeTarget section */

/* Begin PBXProject section */
		ED03585A24725959005A6745 /* Project object */ = {
			isa = PBXProject;
			attributes = {
				LastSwiftUpdateCheck = 1140;
				LastUpgradeCheck = 1140;
				ORGANIZATIONNAME = "Sergey Nazarov";
				TargetAttributes = {
					ED03586124725959005A6745 = {
						CreatedOnToolsVersion = 11.4.1;
					};
				};
			};
			buildConfigurationList = ED03585D24725959005A6745 /* Build configuration list for PBXProject "Nowait" */;
			compatibilityVersion = "Xcode 9.3";
			developmentRegion = en;
			hasScannedForEncodings = 0;
			knownRegions = (
				en,
				Base,
			);
			mainGroup = ED03585924725959005A6745;
			productRefGroup = ED03586324725959005A6745 /* Products */;
			projectDirPath = "";
			projectRoot = "";
			targets = (
				ED03586124725959005A6745 /* Nowait */,
			);
		};
/* End PBXProject section */

/* Begin PBXResourcesBuildPhase section */
		ED03586024725959005A6745 /* Resources */ = {
			isa = PBXResourcesBuildPhase;
			buildActionMask = 2147483647;
			files = (
				ED84C488247269C8009D6742 /* SFProText-Medium.ttf in Resources */,
				ED03587524725961005A6745 /* LaunchScreen.storyboard in Resources */,
				ED03588124725D35005A6745 /* Registration.storyboard in Resources */,
				ED03588824725E8D005A6745 /* SFProDisplay-Semibold.ttf in Resources */,
				ED03587224725961005A6745 /* Assets.xcassets in Resources */,
				ED84C489247269C8009D6742 /* SFProText-Light.ttf in Resources */,
				ED03588624725E8D005A6745 /* SFProDisplay-Regular.ttf in Resources */,
				ED6B31AB24BDC3B500D6348F /* SFProText-Bold.ttf in Resources */,
				ED6B31AD24BDC4F400D6348F /* SearchHeader.xib in Resources */,
				ED84C48D247274A5009D6742 /* SFProText-Regular.ttf in Resources */,
				EDA4327B247568D600A2BB52 /* Alerts.storyboard in Resources */,
				ED03586D24725959005A6745 /* Main.storyboard in Resources */,
				ED03588724725E8D005A6745 /* SFProDisplay-Medium.ttf in Resources */,
				ED84C48B247271E0009D6742 /* SFProText-Semibold.ttf in Resources */,
				ED84C485247267C5009D6742 /* Circle-Regular.ttf in Resources */,
				ED9F28E524C2329400EB17CA /* RSearchTableViewCell.xib in Resources */,
				EDDCB318247315A400863066 /* credentials.plist in Resources */,
				EDE7F5B524BDB2BE0028B778 /* Search.storyboard in Resources */,
				EDDCB328247436D200863066 /* MainHeader.xib in Resources */,
			);
			runOnlyForDeploymentPostprocessing = 0;
		};
/* End PBXResourcesBuildPhase section */

/* Begin PBXShellScriptBuildPhase section */
		0CE72CD9B109A8FED20287C5 /* [CP] Copy Pods Resources */ = {
			isa = PBXShellScriptBuildPhase;
			buildActionMask = 2147483647;
			files = (
			);
			inputFileListPaths = (
				"${PODS_ROOT}/Target Support Files/Pods-Nowait/Pods-Nowait-resources-${CONFIGURATION}-input-files.xcfilelist",
			);
			name = "[CP] Copy Pods Resources";
			outputFileListPaths = (
				"${PODS_ROOT}/Target Support Files/Pods-Nowait/Pods-Nowait-resources-${CONFIGURATION}-output-files.xcfilelist",
			);
			runOnlyForDeploymentPostprocessing = 0;
			shellPath = /bin/sh;
			shellScript = "\"${PODS_ROOT}/Target Support Files/Pods-Nowait/Pods-Nowait-resources.sh\"\n";
			showEnvVarsInLog = 0;
		};
		7912784781074E095C391C9B /* [CP] Embed Pods Frameworks */ = {
			isa = PBXShellScriptBuildPhase;
			buildActionMask = 2147483647;
			files = (
			);
			inputFileListPaths = (
				"${PODS_ROOT}/Target Support Files/Pods-Nowait/Pods-Nowait-frameworks-${CONFIGURATION}-input-files.xcfilelist",
			);
			name = "[CP] Embed Pods Frameworks";
			outputFileListPaths = (
				"${PODS_ROOT}/Target Support Files/Pods-Nowait/Pods-Nowait-frameworks-${CONFIGURATION}-output-files.xcfilelist",
			);
			runOnlyForDeploymentPostprocessing = 0;
			shellPath = /bin/sh;
			shellScript = "\"${PODS_ROOT}/Target Support Files/Pods-Nowait/Pods-Nowait-frameworks.sh\"\n";
			showEnvVarsInLog = 0;
		};
		DC1A1D691E3C241F74E41357 /* [CP] Check Pods Manifest.lock */ = {
			isa = PBXShellScriptBuildPhase;
			buildActionMask = 2147483647;
			files = (
			);
			inputFileListPaths = (
			);
			inputPaths = (
				"${PODS_PODFILE_DIR_PATH}/Podfile.lock",
				"${PODS_ROOT}/Manifest.lock",
			);
			name = "[CP] Check Pods Manifest.lock";
			outputFileListPaths = (
			);
			outputPaths = (
				"$(DERIVED_FILE_DIR)/Pods-Nowait-checkManifestLockResult.txt",
			);
			runOnlyForDeploymentPostprocessing = 0;
			shellPath = /bin/sh;
			shellScript = "diff \"${PODS_PODFILE_DIR_PATH}/Podfile.lock\" \"${PODS_ROOT}/Manifest.lock\" > /dev/null\nif [ $? != 0 ] ; then\n    # print error to STDERR\n    echo \"error: The sandbox is not in sync with the Podfile.lock. Run 'pod install' or update your CocoaPods installation.\" >&2\n    exit 1\nfi\n# This output is used by Xcode 'outputs' to avoid re-running this script phase.\necho \"SUCCESS\" > \"${SCRIPT_OUTPUT_FILE_0}\"\n";
			showEnvVarsInLog = 0;
		};
/* End PBXShellScriptBuildPhase section */

/* Begin PBXSourcesBuildPhase section */
		ED03585E24725959005A6745 /* Sources */ = {
			isa = PBXSourcesBuildPhase;
			buildActionMask = 2147483647;
			files = (
				ED5F714C247299AB004DA1D3 /* SelectCountryViewModelType.swift in Sources */,
				EDDCB31E2473218A00863066 /* GoogleAuthToken.swift in Sources */,
				ED1DD03524BF42A8005BB18A /* SearchHeaderCollectionReusableView.swift in Sources */,
				ED6B31D724BF327B00D6348F /* BaseSearchViewController.swift in Sources */,
				EDDCB34B2475060A00863066 /* AuthAPI.swift in Sources */,
				EDDCB30124729CB800863066 /* CountryCellViewModel.swift in Sources */,
				ED18607724BF50EB00D80150 /* SearchPlacesViewModelType.swift in Sources */,
				EDDCB347247504F300863066 /* DefaultAlamofireManager.swift in Sources */,
				ED84C481247261A6009D6742 /* DesignableUIView.swift in Sources */,
				ED18608C24BF5B8100D80150 /* ResultSearchCellViewModelType.swift in Sources */,
				ED9135752477F7F4008065E2 /* SignUpViewController.swift in Sources */,
				EDE6E1742486983D00C06998 /* UserInfoData.swift in Sources */,
				EDDCB3262474089C00863066 /* MainTableViewController.swift in Sources */,
				ED84C483247266F5009D6742 /* DesignableUIButton.swift in Sources */,
				ED6B31C624BDEEBB00D6348F /* PivotModel.swift in Sources */,
				EDDCB3452475039000863066 /* BaseUrl.swift in Sources */,
				EDF862AF24753BEB000FC85B /* MainMenuCell.swift in Sources */,
				ED5F714024728922004DA1D3 /* MainViewModelType.swift in Sources */,
				ED6B31C824BDEF4200D6348F /* SearchAPI.swift in Sources */,
				ED9F28D524C0E03E00EB17CA /* ResultSearchViewModel.swift in Sources */,
				EDEFC3DA24852862003636F2 /* TabBarNavigationDelegate.swift in Sources */,
				EDA4327E24756DCB00A2BB52 /* AlertLogoutViewController.swift in Sources */,
				EDFA474E24827F58001F9575 /* TabBarViewController.swift in Sources */,
				ED84C49D24728345009D6742 /* SignUpViewModel.swift in Sources */,
				ED84C49F24728354009D6742 /* SignUpViewModelType.swift in Sources */,
				ED6B31BA24BDDE3100D6348F /* ResultSearch.swift in Sources */,
				ED18607924BF531B00D80150 /* HistorySearchData.swift in Sources */,
				EDDCB32F247438EF00863066 /* ExtensionUIView.swift in Sources */,
				ED6B31DB24BF3B8600D6348F /* SearchCellViewModelType.swift in Sources */,
				ED84C4A5247284FE009D6742 /* Country.swift in Sources */,
				EDE6E16C248692B000C06998 /* LaunchViewController.swift in Sources */,
				EDE6E17624869AF300C06998 /* ErrorResponce.swift in Sources */,
				EDDCB30324729CC300863066 /* CountryCellViewModelType.swift in Sources */,
				ED6B31C424BDEE7800D6348F /* KitchensModel.swift in Sources */,
				ED6B31B324BDC6C200D6348F /* SearchCollectionViewCell.swift in Sources */,
				EDF862AD2475179C000FC85B /* TokenModel.swift in Sources */,
				EDDCB3492475050D00863066 /* BaseResponseModel.swift in Sources */,
				EDDCB342247502F700863066 /* AuthServerAPI.swift in Sources */,
				ED18608424BF584F00D80150 /* ResultSearchModel.swift in Sources */,
				ED9F28D224C0DDF300EB17CA /* ResultSearchViewController.swift in Sources */,
				ED3DB5DC24C5BCEB00526556 /* SearchType.swift in Sources */,
				EDDCB34E2475087800863066 /* CountryModels.swift in Sources */,
				ED6B31C024BDEDDA00D6348F /* PlacesData.swift in Sources */,
				ED6B31D924BF3B7500D6348F /* SearchCellViewModel.swift in Sources */,
				EDEFC3D524852649003636F2 /* HiddenNavBarNavigationController.swift in Sources */,
				ED84C49324727959009D6742 /* CodeTextField.swift in Sources */,
				EDA4327524754BC600A2BB52 /* UserInfoModel.swift in Sources */,
				ED18608624BF5AD000D80150 /* HistorySearchTableViewCell.swift in Sources */,
				EDEFC3D32485261E003636F2 /* InteractivePopRecognizer.swift in Sources */,
				ED5F714E247299C7004DA1D3 /* CountryTableViewCell.swift in Sources */,
				EDDCB32A247437A700863066 /* MainHeaderUIView.swift in Sources */,
				EDDCB3152472EDC300863066 /* AppleAuthService.swift in Sources */,
				ED18607524BF50DB00D80150 /* SearchPlacesViewModel.swift in Sources */,
				ED6B31CE24BDF12C00D6348F /* SearchViewModelType.swift in Sources */,
				ED5F713D2472890E004DA1D3 /* MainViewModel.swift in Sources */,
				ED18607D24BF57B000D80150 /* ResultSearchData.swift in Sources */,
				EDDCB32C247437FB00863066 /* MainMenuSectionModel.swift in Sources */,
				ED18608A24BF5B6B00D80150 /* ResultSearchCellViewModel.swift in Sources */,
				ED9F28E124C0EBC100EB17CA /* RSearchCellViewModel.swift in Sources */,
				EDE7F5B824BDB7290028B778 /* SearchViewController.swift in Sources */,
				EDEE6BBC24858858004DBFB3 /* ListCountry.swift in Sources */,
				ED6B31D024BDF16900D6348F /* SearchOffers.swift in Sources */,
				ED03586A24725959005A6745 /* MainViewController.swift in Sources */,
				ED5F714A2472999D004DA1D3 /* SelectCountryViewModel.swift in Sources */,
				EDF862A624750E46000FC85B /* UDID.swift in Sources */,
				EDDCB3102472ECFC00863066 /* AuthProviderProtocol.swift in Sources */,
				ED6B31D524BF212900D6348F /* SearchPlacesViewController.swift in Sources */,
				EDFA475324828035001F9575 /* ItemsTabBar.swift in Sources */,
				ED18608824BF5B2A00D80150 /* ResultSearchTableViewCell.swift in Sources */,
				EDDCB3322474455E00863066 /* FacebookAuthProviderProtocol.swift in Sources */,
				EDDCB30A2472C19400863066 /* CodeViewModel.swift in Sources */,
				ED6B31B124BDC66300D6348F /* SearchViewHeader.swift in Sources */,
				EDEFC3D724852740003636F2 /* ExtensionUIViewController.swift in Sources */,
				EDDCB3202473229D00863066 /* GoogleAuthService.swift in Sources */,
				EDDCB322247322E400863066 /* GoogleAuthProviderProtocol.swift in Sources */,
				ED9F28D924C0E06300EB17CA /* ResultSearchViewModelType.swift in Sources */,
				EDDCB324247402FB00863066 /* DesignableUIImageView.swift in Sources */,
				ED84C4912472792E009D6742 /* CodeTextFieldDelegate.swift in Sources */,
				ED84C4A224728392009D6742 /* ExtensionString.swift in Sources */,
				ED03587024725959005A6745 /* Nowait.xcdatamodeld in Sources */,
				ED9F28E424C2329400EB17CA /* RSearchTableViewCell.swift in Sources */,
				EDDCB30D2472C1AF00863066 /* CodeViewModelType.swift in Sources */,
				EDF862A324750B15000FC85B /* ResultResponce.swift in Sources */,
				ED6B31BD24BDE90100D6348F /* SearchServerAPI.swift in Sources */,
				EDF862A824750ED0000FC85B /* AuthTokenNowait.swift in Sources */,
				EDEFC3DD24853C67003636F2 /* PersonalInformationViewController.swift in Sources */,
				ED5F71482472990C004DA1D3 /* SelectCountryViewController.swift in Sources */,
				EDA4327724754C5600A2BB52 /* UserInfo.swift in Sources */,
				ED6B31CB24BDF11600D6348F /* SearchViewModel.swift in Sources */,
				ED03586624725959005A6745 /* AppDelegate.swift in Sources */,
				EDDCB3352474464E00863066 /* FacebookAuthToken.swift in Sources */,
				EDEE6BB724856B3D004DBFB3 /* PersonalInformationViewModel.swift in Sources */,
				EDF862AA24750F27000FC85B /* AuthTokenNowaitType.swift in Sources */,
				ED9F28DF24C0EBA700EB17CA /* RSearchCellViewModelType.swift in Sources */,
				EDEE6BBA24856B5D004DBFB3 /* PersonalInformationViewModelType.swift in Sources */,
				EDDCB3122472ED7800863066 /* AuthToken.swift in Sources */,
				EDDCB337247446B000863066 /* FacebookAuthService.swift in Sources */,
				ED03586824725959005A6745 /* SceneDelegate.swift in Sources */,
				EDDCB3062472BDD800863066 /* CodeViewController.swift in Sources */,
				ED18607B24BF538300D80150 /* HistorySearchModel.swift in Sources */,
				EDEE6BB424856767004DBFB3 /* EditFields.swift in Sources */,
				EDA43272247549B100A2BB52 /* MainViewDelegate.swift in Sources */,
				ED6B31C224BDEE2000D6348F /* PlacesModel.swift in Sources */,
			);
			runOnlyForDeploymentPostprocessing = 0;
		};
/* End PBXSourcesBuildPhase section */

/* Begin PBXVariantGroup section */
		ED03586B24725959005A6745 /* Main.storyboard */ = {
			isa = PBXVariantGroup;
			children = (
				ED03586C24725959005A6745 /* Base */,
			);
			name = Main.storyboard;
			sourceTree = "<group>";
		};
		ED03587324725961005A6745 /* LaunchScreen.storyboard */ = {
			isa = PBXVariantGroup;
			children = (
				ED03587424725961005A6745 /* Base */,
			);
			name = LaunchScreen.storyboard;
			sourceTree = "<group>";
		};
/* End PBXVariantGroup section */

/* Begin XCBuildConfiguration section */
		ED03587724725961005A6745 /* Debug */ = {
			isa = XCBuildConfiguration;
			buildSettings = {
				ALWAYS_SEARCH_USER_PATHS = NO;
				CLANG_ANALYZER_NONNULL = YES;
				CLANG_ANALYZER_NUMBER_OBJECT_CONVERSION = YES_AGGRESSIVE;
				CLANG_CXX_LANGUAGE_STANDARD = "gnu++14";
				CLANG_CXX_LIBRARY = "libc++";
				CLANG_ENABLE_MODULES = YES;
				CLANG_ENABLE_OBJC_ARC = YES;
				CLANG_ENABLE_OBJC_WEAK = YES;
				CLANG_WARN_BLOCK_CAPTURE_AUTORELEASING = YES;
				CLANG_WARN_BOOL_CONVERSION = YES;
				CLANG_WARN_COMMA = YES;
				CLANG_WARN_CONSTANT_CONVERSION = YES;
				CLANG_WARN_DEPRECATED_OBJC_IMPLEMENTATIONS = YES;
				CLANG_WARN_DIRECT_OBJC_ISA_USAGE = YES_ERROR;
				CLANG_WARN_DOCUMENTATION_COMMENTS = YES;
				CLANG_WARN_EMPTY_BODY = YES;
				CLANG_WARN_ENUM_CONVERSION = YES;
				CLANG_WARN_INFINITE_RECURSION = YES;
				CLANG_WARN_INT_CONVERSION = YES;
				CLANG_WARN_NON_LITERAL_NULL_CONVERSION = YES;
				CLANG_WARN_OBJC_IMPLICIT_RETAIN_SELF = YES;
				CLANG_WARN_OBJC_LITERAL_CONVERSION = YES;
				CLANG_WARN_OBJC_ROOT_CLASS = YES_ERROR;
				CLANG_WARN_RANGE_LOOP_ANALYSIS = YES;
				CLANG_WARN_STRICT_PROTOTYPES = YES;
				CLANG_WARN_SUSPICIOUS_MOVE = YES;
				CLANG_WARN_UNGUARDED_AVAILABILITY = YES_AGGRESSIVE;
				CLANG_WARN_UNREACHABLE_CODE = YES;
				CLANG_WARN__DUPLICATE_METHOD_MATCH = YES;
				COPY_PHASE_STRIP = NO;
				DEBUG_INFORMATION_FORMAT = dwarf;
				ENABLE_STRICT_OBJC_MSGSEND = YES;
				ENABLE_TESTABILITY = YES;
				GCC_C_LANGUAGE_STANDARD = gnu11;
				GCC_DYNAMIC_NO_PIC = NO;
				GCC_NO_COMMON_BLOCKS = YES;
				GCC_OPTIMIZATION_LEVEL = 0;
				GCC_PREPROCESSOR_DEFINITIONS = (
					"DEBUG=1",
					"$(inherited)",
				);
				GCC_WARN_64_TO_32_BIT_CONVERSION = YES;
				GCC_WARN_ABOUT_RETURN_TYPE = YES_ERROR;
				GCC_WARN_UNDECLARED_SELECTOR = YES;
				GCC_WARN_UNINITIALIZED_AUTOS = YES_AGGRESSIVE;
				GCC_WARN_UNUSED_FUNCTION = YES;
				GCC_WARN_UNUSED_VARIABLE = YES;
				IPHONEOS_DEPLOYMENT_TARGET = 13.4;
				MTL_ENABLE_DEBUG_INFO = INCLUDE_SOURCE;
				MTL_FAST_MATH = YES;
				ONLY_ACTIVE_ARCH = YES;
				SDKROOT = iphoneos;
				SWIFT_ACTIVE_COMPILATION_CONDITIONS = DEBUG;
				SWIFT_OPTIMIZATION_LEVEL = "-Onone";
			};
			name = Debug;
		};
		ED03587824725961005A6745 /* Release */ = {
			isa = XCBuildConfiguration;
			buildSettings = {
				ALWAYS_SEARCH_USER_PATHS = NO;
				CLANG_ANALYZER_NONNULL = YES;
				CLANG_ANALYZER_NUMBER_OBJECT_CONVERSION = YES_AGGRESSIVE;
				CLANG_CXX_LANGUAGE_STANDARD = "gnu++14";
				CLANG_CXX_LIBRARY = "libc++";
				CLANG_ENABLE_MODULES = YES;
				CLANG_ENABLE_OBJC_ARC = YES;
				CLANG_ENABLE_OBJC_WEAK = YES;
				CLANG_WARN_BLOCK_CAPTURE_AUTORELEASING = YES;
				CLANG_WARN_BOOL_CONVERSION = YES;
				CLANG_WARN_COMMA = YES;
				CLANG_WARN_CONSTANT_CONVERSION = YES;
				CLANG_WARN_DEPRECATED_OBJC_IMPLEMENTATIONS = YES;
				CLANG_WARN_DIRECT_OBJC_ISA_USAGE = YES_ERROR;
				CLANG_WARN_DOCUMENTATION_COMMENTS = YES;
				CLANG_WARN_EMPTY_BODY = YES;
				CLANG_WARN_ENUM_CONVERSION = YES;
				CLANG_WARN_INFINITE_RECURSION = YES;
				CLANG_WARN_INT_CONVERSION = YES;
				CLANG_WARN_NON_LITERAL_NULL_CONVERSION = YES;
				CLANG_WARN_OBJC_IMPLICIT_RETAIN_SELF = YES;
				CLANG_WARN_OBJC_LITERAL_CONVERSION = YES;
				CLANG_WARN_OBJC_ROOT_CLASS = YES_ERROR;
				CLANG_WARN_RANGE_LOOP_ANALYSIS = YES;
				CLANG_WARN_STRICT_PROTOTYPES = YES;
				CLANG_WARN_SUSPICIOUS_MOVE = YES;
				CLANG_WARN_UNGUARDED_AVAILABILITY = YES_AGGRESSIVE;
				CLANG_WARN_UNREACHABLE_CODE = YES;
				CLANG_WARN__DUPLICATE_METHOD_MATCH = YES;
				COPY_PHASE_STRIP = NO;
				DEBUG_INFORMATION_FORMAT = "dwarf-with-dsym";
				ENABLE_NS_ASSERTIONS = NO;
				ENABLE_STRICT_OBJC_MSGSEND = YES;
				GCC_C_LANGUAGE_STANDARD = gnu11;
				GCC_NO_COMMON_BLOCKS = YES;
				GCC_WARN_64_TO_32_BIT_CONVERSION = YES;
				GCC_WARN_ABOUT_RETURN_TYPE = YES_ERROR;
				GCC_WARN_UNDECLARED_SELECTOR = YES;
				GCC_WARN_UNINITIALIZED_AUTOS = YES_AGGRESSIVE;
				GCC_WARN_UNUSED_FUNCTION = YES;
				GCC_WARN_UNUSED_VARIABLE = YES;
				IPHONEOS_DEPLOYMENT_TARGET = 13.4;
				MTL_ENABLE_DEBUG_INFO = NO;
				MTL_FAST_MATH = YES;
				SDKROOT = iphoneos;
				SWIFT_COMPILATION_MODE = wholemodule;
				SWIFT_OPTIMIZATION_LEVEL = "-O";
				VALIDATE_PRODUCT = YES;
			};
			name = Release;
		};
		ED03587A24725961005A6745 /* Debug */ = {
			isa = XCBuildConfiguration;
			baseConfigurationReference = 3C675F1E6F98531AC9D1348C /* Pods-Nowait.debug.xcconfig */;
			buildSettings = {
				ASSETCATALOG_COMPILER_APPICON_NAME = AppIcon;
				CODE_SIGN_ENTITLEMENTS = Nowait/Nowait.entitlements;
				CODE_SIGN_STYLE = Automatic;
				DEVELOPMENT_TEAM = 72MHAGL49V;
				INFOPLIST_FILE = "$(SRCROOT)/Nowait/Resourse/Info.plist";
				IPHONEOS_DEPLOYMENT_TARGET = 11.0;
				LD_RUNPATH_SEARCH_PATHS = (
					"$(inherited)",
					"@executable_path/Frameworks",
				);
				PRODUCT_BUNDLE_IDENTIFIER = com.msofter.Nowait;
				PRODUCT_NAME = "$(TARGET_NAME)";
				SWIFT_VERSION = 5.0;
				TARGETED_DEVICE_FAMILY = "1,2";
			};
			name = Debug;
		};
		ED03587B24725961005A6745 /* Release */ = {
			isa = XCBuildConfiguration;
			baseConfigurationReference = A81D279F2DB5F3AE9299B5F0 /* Pods-Nowait.release.xcconfig */;
			buildSettings = {
				ASSETCATALOG_COMPILER_APPICON_NAME = AppIcon;
				CODE_SIGN_ENTITLEMENTS = Nowait/Nowait.entitlements;
				CODE_SIGN_STYLE = Automatic;
				DEVELOPMENT_TEAM = 72MHAGL49V;
				INFOPLIST_FILE = "$(SRCROOT)/Nowait/Resourse/Info.plist";
				IPHONEOS_DEPLOYMENT_TARGET = 11.0;
				LD_RUNPATH_SEARCH_PATHS = (
					"$(inherited)",
					"@executable_path/Frameworks",
				);
				PRODUCT_BUNDLE_IDENTIFIER = com.msofter.Nowait;
				PRODUCT_NAME = "$(TARGET_NAME)";
				SWIFT_VERSION = 5.0;
				TARGETED_DEVICE_FAMILY = "1,2";
			};
			name = Release;
		};
/* End XCBuildConfiguration section */

/* Begin XCConfigurationList section */
		ED03585D24725959005A6745 /* Build configuration list for PBXProject "Nowait" */ = {
			isa = XCConfigurationList;
			buildConfigurations = (
				ED03587724725961005A6745 /* Debug */,
				ED03587824725961005A6745 /* Release */,
			);
			defaultConfigurationIsVisible = 0;
			defaultConfigurationName = Release;
		};
		ED03587924725961005A6745 /* Build configuration list for PBXNativeTarget "Nowait" */ = {
			isa = XCConfigurationList;
			buildConfigurations = (
				ED03587A24725961005A6745 /* Debug */,
				ED03587B24725961005A6745 /* Release */,
			);
			defaultConfigurationIsVisible = 0;
			defaultConfigurationName = Release;
		};
/* End XCConfigurationList section */

/* Begin XCVersionGroup section */
		ED03586E24725959005A6745 /* Nowait.xcdatamodeld */ = {
			isa = XCVersionGroup;
			children = (
				ED03586F24725959005A6745 /* Nowait.xcdatamodel */,
			);
			currentVersion = ED03586F24725959005A6745 /* Nowait.xcdatamodel */;
			path = Nowait.xcdatamodeld;
			sourceTree = "<group>";
			versionGroupType = wrapper.xcdatamodel;
		};
/* End XCVersionGroup section */
	};
	rootObject = ED03585A24725959005A6745 /* Project object */;
}
