// !$*UTF8*$!
{
	archiveVersion = 1;
	classes = {
	};
	objectVersion = 51;
	objects = {

/* Begin PBXBuildFile section */
		437DCEF5CF935E80733C7C78 /* Pods_Nowait.framework in Frameworks */ = {isa = PBXBuildFile; fileRef = 760A5EC3A6915C23C98B2C6C /* Pods_Nowait.framework */; };
		ED03586624725959005A6745 /* AppDelegate.swift in Sources */ = {isa = PBXBuildFile; fileRef = ED03586524725959005A6745 /* AppDelegate.swift */; };
		ED03586824725959005A6745 /* SceneDelegate.swift in Sources */ = {isa = PBXBuildFile; fileRef = ED03586724725959005A6745 /* SceneDelegate.swift */; };
		ED03586A24725959005A6745 /* MainViewController.swift in Sources */ = {isa = PBXBuildFile; fileRef = ED03586924725959005A6745 /* MainViewController.swift */; };
		ED03586D24725959005A6745 /* Main.storyboard in Resources */ = {isa = PBXBuildFile; fileRef = ED03586B24725959005A6745 /* Main.storyboard */; };
		ED03587024725959005A6745 /* Nowait.xcdatamodeld in Sources */ = {isa = PBXBuildFile; fileRef = ED03586E24725959005A6745 /* Nowait.xcdatamodeld */; };
		ED03587224725961005A6745 /* Assets.xcassets in Resources */ = {isa = PBXBuildFile; fileRef = ED03587124725961005A6745 /* Assets.xcassets */; };
		ED03587524725961005A6745 /* LaunchScreen.storyboard in Resources */ = {isa = PBXBuildFile; fileRef = ED03587324725961005A6745 /* LaunchScreen.storyboard */; };
		ED03588124725D35005A6745 /* Registration.storyboard in Resources */ = {isa = PBXBuildFile; fileRef = ED03588024725D35005A6745 /* Registration.storyboard */; };
		ED03588624725E8D005A6745 /* SFProDisplay-Regular.ttf in Resources */ = {isa = PBXBuildFile; fileRef = ED03588324725E8D005A6745 /* SFProDisplay-Regular.ttf */; };
		ED03588724725E8D005A6745 /* SFProDisplay-Medium.ttf in Resources */ = {isa = PBXBuildFile; fileRef = ED03588424725E8D005A6745 /* SFProDisplay-Medium.ttf */; };
		ED03588824725E8D005A6745 /* SFProDisplay-Semibold.ttf in Resources */ = {isa = PBXBuildFile; fileRef = ED03588524725E8D005A6745 /* SFProDisplay-Semibold.ttf */; };
		ED5F713D2472890E004DA1D3 /* MainViewModel.swift in Sources */ = {isa = PBXBuildFile; fileRef = ED5F713C2472890E004DA1D3 /* MainViewModel.swift */; };
		ED5F714024728922004DA1D3 /* MainViewModelType.swift in Sources */ = {isa = PBXBuildFile; fileRef = ED5F713F24728922004DA1D3 /* MainViewModelType.swift */; };
		ED84C481247261A6009D6742 /* DesignableUIView.swift in Sources */ = {isa = PBXBuildFile; fileRef = ED84C480247261A6009D6742 /* DesignableUIView.swift */; };
		ED84C483247266F5009D6742 /* DesignableUIButton.swift in Sources */ = {isa = PBXBuildFile; fileRef = ED84C482247266F5009D6742 /* DesignableUIButton.swift */; };
		ED84C485247267C5009D6742 /* Circle-Regular.ttf in Resources */ = {isa = PBXBuildFile; fileRef = ED84C484247267C5009D6742 /* Circle-Regular.ttf */; };
		ED84C488247269C8009D6742 /* SFProText-Medium.ttf in Resources */ = {isa = PBXBuildFile; fileRef = ED84C486247269C8009D6742 /* SFProText-Medium.ttf */; };
		ED84C489247269C8009D6742 /* SFProText-Light.ttf in Resources */ = {isa = PBXBuildFile; fileRef = ED84C487247269C8009D6742 /* SFProText-Light.ttf */; };
		ED84C48B247271E0009D6742 /* SFProText-Semibold.ttf in Resources */ = {isa = PBXBuildFile; fileRef = ED84C48A247271E0009D6742 /* SFProText-Semibold.ttf */; };
		ED84C48D247274A5009D6742 /* SFProText-Regular.ttf in Resources */ = {isa = PBXBuildFile; fileRef = ED84C48C247274A5009D6742 /* SFProText-Regular.ttf */; };
		ED84C4912472792E009D6742 /* CodeTextFieldDelegate.swift in Sources */ = {isa = PBXBuildFile; fileRef = ED84C4902472792E009D6742 /* CodeTextFieldDelegate.swift */; };
		ED84C49324727959009D6742 /* CodeTextField.swift in Sources */ = {isa = PBXBuildFile; fileRef = ED84C49224727959009D6742 /* CodeTextField.swift */; };
		ED84C498247282D8009D6742 /* SignUpViewController.swift in Sources */ = {isa = PBXBuildFile; fileRef = ED84C497247282D8009D6742 /* SignUpViewController.swift */; };
		ED84C49D24728345009D6742 /* SignUpViewModel.swift in Sources */ = {isa = PBXBuildFile; fileRef = ED84C49C24728345009D6742 /* SignUpViewModel.swift */; };
		ED84C49F24728354009D6742 /* SignUpViewModelType.swift in Sources */ = {isa = PBXBuildFile; fileRef = ED84C49E24728354009D6742 /* SignUpViewModelType.swift */; };
		ED84C4A224728392009D6742 /* ExtensionString.swift in Sources */ = {isa = PBXBuildFile; fileRef = ED84C4A124728392009D6742 /* ExtensionString.swift */; };
		ED84C4A5247284FE009D6742 /* Country.swift in Sources */ = {isa = PBXBuildFile; fileRef = ED84C4A4247284FE009D6742 /* Country.swift */; };
/* End PBXBuildFile section */

/* Begin PBXFileReference section */
		3C675F1E6F98531AC9D1348C /* Pods-Nowait.debug.xcconfig */ = {isa = PBXFileReference; includeInIndex = 1; lastKnownFileType = text.xcconfig; name = "Pods-Nowait.debug.xcconfig"; path = "Target Support Files/Pods-Nowait/Pods-Nowait.debug.xcconfig"; sourceTree = "<group>"; };
		760A5EC3A6915C23C98B2C6C /* Pods_Nowait.framework */ = {isa = PBXFileReference; explicitFileType = wrapper.framework; includeInIndex = 0; path = Pods_Nowait.framework; sourceTree = BUILT_PRODUCTS_DIR; };
		A81D279F2DB5F3AE9299B5F0 /* Pods-Nowait.release.xcconfig */ = {isa = PBXFileReference; includeInIndex = 1; lastKnownFileType = text.xcconfig; name = "Pods-Nowait.release.xcconfig"; path = "Target Support Files/Pods-Nowait/Pods-Nowait.release.xcconfig"; sourceTree = "<group>"; };
		ED03586224725959005A6745 /* Nowait.app */ = {isa = PBXFileReference; explicitFileType = wrapper.application; includeInIndex = 0; path = Nowait.app; sourceTree = BUILT_PRODUCTS_DIR; };
		ED03586524725959005A6745 /* AppDelegate.swift */ = {isa = PBXFileReference; lastKnownFileType = sourcecode.swift; path = AppDelegate.swift; sourceTree = "<group>"; };
		ED03586724725959005A6745 /* SceneDelegate.swift */ = {isa = PBXFileReference; lastKnownFileType = sourcecode.swift; path = SceneDelegate.swift; sourceTree = "<group>"; };
		ED03586924725959005A6745 /* MainViewController.swift */ = {isa = PBXFileReference; lastKnownFileType = sourcecode.swift; path = MainViewController.swift; sourceTree = "<group>"; };
		ED03586C24725959005A6745 /* Base */ = {isa = PBXFileReference; lastKnownFileType = file.storyboard; name = Base; path = Base.lproj/Main.storyboard; sourceTree = "<group>"; };
		ED03586F24725959005A6745 /* Nowait.xcdatamodel */ = {isa = PBXFileReference; lastKnownFileType = wrapper.xcdatamodel; path = Nowait.xcdatamodel; sourceTree = "<group>"; };
		ED03587124725961005A6745 /* Assets.xcassets */ = {isa = PBXFileReference; lastKnownFileType = folder.assetcatalog; path = Assets.xcassets; sourceTree = "<group>"; };
		ED03587424725961005A6745 /* Base */ = {isa = PBXFileReference; lastKnownFileType = file.storyboard; name = Base; path = Base.lproj/LaunchScreen.storyboard; sourceTree = "<group>"; };
		ED03587624725961005A6745 /* Info.plist */ = {isa = PBXFileReference; lastKnownFileType = text.plist.xml; path = Info.plist; sourceTree = "<group>"; };
		ED03588024725D35005A6745 /* Registration.storyboard */ = {isa = PBXFileReference; lastKnownFileType = file.storyboard; path = Registration.storyboard; sourceTree = "<group>"; };
		ED03588324725E8D005A6745 /* SFProDisplay-Regular.ttf */ = {isa = PBXFileReference; lastKnownFileType = file; path = "SFProDisplay-Regular.ttf"; sourceTree = "<group>"; };
		ED03588424725E8D005A6745 /* SFProDisplay-Medium.ttf */ = {isa = PBXFileReference; lastKnownFileType = file; path = "SFProDisplay-Medium.ttf"; sourceTree = "<group>"; };
		ED03588524725E8D005A6745 /* SFProDisplay-Semibold.ttf */ = {isa = PBXFileReference; lastKnownFileType = file; path = "SFProDisplay-Semibold.ttf"; sourceTree = "<group>"; };
		ED5F713C2472890E004DA1D3 /* MainViewModel.swift */ = {isa = PBXFileReference; lastKnownFileType = sourcecode.swift; path = MainViewModel.swift; sourceTree = "<group>"; };
		ED5F713F24728922004DA1D3 /* MainViewModelType.swift */ = {isa = PBXFileReference; lastKnownFileType = sourcecode.swift; path = MainViewModelType.swift; sourceTree = "<group>"; };
		ED84C480247261A6009D6742 /* DesignableUIView.swift */ = {isa = PBXFileReference; lastKnownFileType = sourcecode.swift; path = DesignableUIView.swift; sourceTree = "<group>"; };
		ED84C482247266F5009D6742 /* DesignableUIButton.swift */ = {isa = PBXFileReference; lastKnownFileType = sourcecode.swift; path = DesignableUIButton.swift; sourceTree = "<group>"; };
		ED84C484247267C5009D6742 /* Circle-Regular.ttf */ = {isa = PBXFileReference; lastKnownFileType = file; path = "Circle-Regular.ttf"; sourceTree = "<group>"; };
		ED84C486247269C8009D6742 /* SFProText-Medium.ttf */ = {isa = PBXFileReference; lastKnownFileType = file; path = "SFProText-Medium.ttf"; sourceTree = "<group>"; };
		ED84C487247269C8009D6742 /* SFProText-Light.ttf */ = {isa = PBXFileReference; lastKnownFileType = file; path = "SFProText-Light.ttf"; sourceTree = "<group>"; };
		ED84C48A247271E0009D6742 /* SFProText-Semibold.ttf */ = {isa = PBXFileReference; lastKnownFileType = file; path = "SFProText-Semibold.ttf"; sourceTree = "<group>"; };
		ED84C48C247274A5009D6742 /* SFProText-Regular.ttf */ = {isa = PBXFileReference; lastKnownFileType = file; path = "SFProText-Regular.ttf"; sourceTree = "<group>"; };
		ED84C4902472792E009D6742 /* CodeTextFieldDelegate.swift */ = {isa = PBXFileReference; lastKnownFileType = sourcecode.swift; path = CodeTextFieldDelegate.swift; sourceTree = "<group>"; };
		ED84C49224727959009D6742 /* CodeTextField.swift */ = {isa = PBXFileReference; lastKnownFileType = sourcecode.swift; path = CodeTextField.swift; sourceTree = "<group>"; };
		ED84C497247282D8009D6742 /* SignUpViewController.swift */ = {isa = PBXFileReference; lastKnownFileType = sourcecode.swift; name = SignUpViewController.swift; path = ../SignUpViewController.swift; sourceTree = "<group>"; };
		ED84C49C24728345009D6742 /* SignUpViewModel.swift */ = {isa = PBXFileReference; lastKnownFileType = sourcecode.swift; path = SignUpViewModel.swift; sourceTree = "<group>"; };
		ED84C49E24728354009D6742 /* SignUpViewModelType.swift */ = {isa = PBXFileReference; lastKnownFileType = sourcecode.swift; path = SignUpViewModelType.swift; sourceTree = "<group>"; };
		ED84C4A124728392009D6742 /* ExtensionString.swift */ = {isa = PBXFileReference; lastKnownFileType = sourcecode.swift; path = ExtensionString.swift; sourceTree = "<group>"; };
		ED84C4A4247284FE009D6742 /* Country.swift */ = {isa = PBXFileReference; lastKnownFileType = sourcecode.swift; path = Country.swift; sourceTree = "<group>"; };
/* End PBXFileReference section */

/* Begin PBXFrameworksBuildPhase section */
		ED03585F24725959005A6745 /* Frameworks */ = {
			isa = PBXFrameworksBuildPhase;
			buildActionMask = 2147483647;
			files = (
				437DCEF5CF935E80733C7C78 /* Pods_Nowait.framework in Frameworks */,
			);
			runOnlyForDeploymentPostprocessing = 0;
		};
/* End PBXFrameworksBuildPhase section */

/* Begin PBXGroup section */
		09493B762B636B448B3A3E47 /* Pods */ = {
			isa = PBXGroup;
			children = (
				3C675F1E6F98531AC9D1348C /* Pods-Nowait.debug.xcconfig */,
				A81D279F2DB5F3AE9299B5F0 /* Pods-Nowait.release.xcconfig */,
			);
			path = Pods;
			sourceTree = "<group>";
		};
		76E69FB6DD5FF18CFAAAE2B2 /* Frameworks */ = {
			isa = PBXGroup;
			children = (
				760A5EC3A6915C23C98B2C6C /* Pods_Nowait.framework */,
			);
			name = Frameworks;
			sourceTree = "<group>";
		};
		ED03585924725959005A6745 = {
			isa = PBXGroup;
			children = (
				ED03586424725959005A6745 /* Nowait */,
				ED03586324725959005A6745 /* Products */,
				09493B762B636B448B3A3E47 /* Pods */,
				76E69FB6DD5FF18CFAAAE2B2 /* Frameworks */,
			);
			sourceTree = "<group>";
		};
		ED03586324725959005A6745 /* Products */ = {
			isa = PBXGroup;
			children = (
				ED03586224725959005A6745 /* Nowait.app */,
			);
			name = Products;
			sourceTree = "<group>";
		};
		ED03586424725959005A6745 /* Nowait */ = {
			isa = PBXGroup;
			children = (
				ED03587D24725A91005A6745 /* App */,
				ED03587F24725AC3005A6745 /* ViewControllers */,
				ED03587E24725AAE005A6745 /* Storyboards */,
				ED03587C24725A7E005A6745 /* Resourse */,
				ED84C47E24726165009D6742 /* Helpers */,
			);
			path = Nowait;
			sourceTree = "<group>";
		};
		ED03587C24725A7E005A6745 /* Resourse */ = {
			isa = PBXGroup;
			children = (
				ED03588224725E4C005A6745 /* Fonts */,
				ED03586E24725959005A6745 /* Nowait.xcdatamodeld */,
				ED03587124725961005A6745 /* Assets.xcassets */,
				ED03587624725961005A6745 /* Info.plist */,
			);
			path = Resourse;
			sourceTree = "<group>";
		};
		ED03587D24725A91005A6745 /* App */ = {
			isa = PBXGroup;
			children = (
				ED03586724725959005A6745 /* SceneDelegate.swift */,
				ED03586524725959005A6745 /* AppDelegate.swift */,
			);
			path = App;
			sourceTree = "<group>";
		};
		ED03587E24725AAE005A6745 /* Storyboards */ = {
			isa = PBXGroup;
			children = (
				ED84C47F24726175009D6742 /* Designable */,
				ED03586B24725959005A6745 /* Main.storyboard */,
				ED03587324725961005A6745 /* LaunchScreen.storyboard */,
				ED03588024725D35005A6745 /* Registration.storyboard */,
			);
			path = Storyboards;
			sourceTree = "<group>";
		};
		ED03587F24725AC3005A6745 /* ViewControllers */ = {
			isa = PBXGroup;
			children = (
				ED84C494247280E4009D6742 /* Registration */,
				ED5F7139247288EA004DA1D3 /* New Group */,
			);
			path = ViewControllers;
			sourceTree = "<group>";
		};
		ED03588224725E4C005A6745 /* Fonts */ = {
			isa = PBXGroup;
			children = (
				ED84C484247267C5009D6742 /* Circle-Regular.ttf */,
				ED03588424725E8D005A6745 /* SFProDisplay-Medium.ttf */,
				ED03588324725E8D005A6745 /* SFProDisplay-Regular.ttf */,
				ED03588524725E8D005A6745 /* SFProDisplay-Semibold.ttf */,
				ED84C487247269C8009D6742 /* SFProText-Light.ttf */,
				ED84C486247269C8009D6742 /* SFProText-Medium.ttf */,
				ED84C48A247271E0009D6742 /* SFProText-Semibold.ttf */,
				ED84C48C247274A5009D6742 /* SFProText-Regular.ttf */,
			);
			path = Fonts;
			sourceTree = "<group>";
		};
		ED5F7139247288EA004DA1D3 /* New Group */ = {
			isa = PBXGroup;
			children = (
				ED5F713E24728917004DA1D3 /* Protocols */,
				ED5F713B247288F9004DA1D3 /* ViewModel */,
				ED5F713A247288F1004DA1D3 /* View */,
			);
			path = "New Group";
			sourceTree = "<group>";
		};
		ED5F713A247288F1004DA1D3 /* View */ = {
			isa = PBXGroup;
			children = (
				ED03586924725959005A6745 /* MainViewController.swift */,
			);
			path = View;
			sourceTree = "<group>";
		};
		ED5F713B247288F9004DA1D3 /* ViewModel */ = {
			isa = PBXGroup;
			children = (
				ED5F713C2472890E004DA1D3 /* MainViewModel.swift */,
			);
			path = ViewModel;
			sourceTree = "<group>";
		};
		ED5F713E24728917004DA1D3 /* Protocols */ = {
			isa = PBXGroup;
			children = (
				ED5F713F24728922004DA1D3 /* MainViewModelType.swift */,
			);
			path = Protocols;
			sourceTree = "<group>";
		};
		ED84C47E24726165009D6742 /* Helpers */ = {
			isa = PBXGroup;
			children = (
				ED84C4A02472837E009D6742 /* Extensions */,
				ED84C48F2472791C009D6742 /* Protocols */,
				ED84C48E2472790C009D6742 /* Classes */,
			);
			path = Helpers;
			sourceTree = "<group>";
		};
		ED84C47F24726175009D6742 /* Designable */ = {
			isa = PBXGroup;
			children = (
				ED84C480247261A6009D6742 /* DesignableUIView.swift */,
				ED84C482247266F5009D6742 /* DesignableUIButton.swift */,
			);
			path = Designable;
			sourceTree = "<group>";
		};
		ED84C48E2472790C009D6742 /* Classes */ = {
			isa = PBXGroup;
			children = (
				ED84C49224727959009D6742 /* CodeTextField.swift */,
			);
			path = Classes;
			sourceTree = "<group>";
		};
		ED84C48F2472791C009D6742 /* Protocols */ = {
			isa = PBXGroup;
			children = (
				ED84C4902472792E009D6742 /* CodeTextFieldDelegate.swift */,
			);
			path = Protocols;
			sourceTree = "<group>";
		};
		ED84C494247280E4009D6742 /* Registration */ = {
			isa = PBXGroup;
			children = (
				ED84C4A3247284E4009D6742 /* Model */,
				ED84C49B2472832E009D6742 /* Protocol */,
				ED84C49A24728328009D6742 /* ViewModel */,
				ED84C49924728323009D6742 /* View */,
			);
			path = Registration;
			sourceTree = "<group>";
		};
		ED84C49924728323009D6742 /* View */ = {
			isa = PBXGroup;
			children = (
				ED84C497247282D8009D6742 /* SignUpViewController.swift */,
			);
			path = View;
			sourceTree = "<group>";
		};
		ED84C49A24728328009D6742 /* ViewModel */ = {
			isa = PBXGroup;
			children = (
				ED84C49C24728345009D6742 /* SignUpViewModel.swift */,
			);
			path = ViewModel;
			sourceTree = "<group>";
		};
		ED84C49B2472832E009D6742 /* Protocol */ = {
			isa = PBXGroup;
			children = (
				ED84C49E24728354009D6742 /* SignUpViewModelType.swift */,
			);
			path = Protocol;
			sourceTree = "<group>";
		};
		ED84C4A02472837E009D6742 /* Extensions */ = {
			isa = PBXGroup;
			children = (
				ED84C4A124728392009D6742 /* ExtensionString.swift */,
			);
			path = Extensions;
			sourceTree = "<group>";
		};
		ED84C4A3247284E4009D6742 /* Model */ = {
			isa = PBXGroup;
			children = (
				ED84C4A4247284FE009D6742 /* Country.swift */,
			);
			path = Model;
			sourceTree = "<group>";
		};
/* End PBXGroup section */

/* Begin PBXNativeTarget section */
		ED03586124725959005A6745 /* Nowait */ = {
			isa = PBXNativeTarget;
			buildConfigurationList = ED03587924725961005A6745 /* Build configuration list for PBXNativeTarget "Nowait" */;
			buildPhases = (
				DC1A1D691E3C241F74E41357 /* [CP] Check Pods Manifest.lock */,
				ED03585E24725959005A6745 /* Sources */,
				ED03585F24725959005A6745 /* Frameworks */,
				ED03586024725959005A6745 /* Resources */,
				7912784781074E095C391C9B /* [CP] Embed Pods Frameworks */,
			);
			buildRules = (
			);
			dependencies = (
			);
			name = Nowait;
			productName = Nowait;
			productReference = ED03586224725959005A6745 /* Nowait.app */;
			productType = "com.apple.product-type.application";
		};
/* End PBXNativeTarget section */

/* Begin PBXProject section */
		ED03585A24725959005A6745 /* Project object */ = {
			isa = PBXProject;
			attributes = {
				LastSwiftUpdateCheck = 1140;
				LastUpgradeCheck = 1140;
				ORGANIZATIONNAME = "Sergey Nazarov";
				TargetAttributes = {
					ED03586124725959005A6745 = {
						CreatedOnToolsVersion = 11.4.1;
					};
				};
			};
			buildConfigurationList = ED03585D24725959005A6745 /* Build configuration list for PBXProject "Nowait" */;
			compatibilityVersion = "Xcode 9.3";
			developmentRegion = en;
			hasScannedForEncodings = 0;
			knownRegions = (
				en,
				Base,
			);
			mainGroup = ED03585924725959005A6745;
			productRefGroup = ED03586324725959005A6745 /* Products */;
			projectDirPath = "";
			projectRoot = "";
			targets = (
				ED03586124725959005A6745 /* Nowait */,
			);
		};
/* End PBXProject section */

/* Begin PBXResourcesBuildPhase section */
		ED03586024725959005A6745 /* Resources */ = {
			isa = PBXResourcesBuildPhase;
			buildActionMask = 2147483647;
			files = (
				ED84C488247269C8009D6742 /* SFProText-Medium.ttf in Resources */,
				ED03587524725961005A6745 /* LaunchScreen.storyboard in Resources */,
				ED03588124725D35005A6745 /* Registration.storyboard in Resources */,
				ED03588824725E8D005A6745 /* SFProDisplay-Semibold.ttf in Resources */,
				ED03587224725961005A6745 /* Assets.xcassets in Resources */,
				ED84C489247269C8009D6742 /* SFProText-Light.ttf in Resources */,
				ED03588624725E8D005A6745 /* SFProDisplay-Regular.ttf in Resources */,
				ED84C48D247274A5009D6742 /* SFProText-Regular.ttf in Resources */,
				ED03586D24725959005A6745 /* Main.storyboard in Resources */,
				ED03588724725E8D005A6745 /* SFProDisplay-Medium.ttf in Resources */,
				ED84C48B247271E0009D6742 /* SFProText-Semibold.ttf in Resources */,
				ED84C485247267C5009D6742 /* Circle-Regular.ttf in Resources */,
			);
			runOnlyForDeploymentPostprocessing = 0;
		};
/* End PBXResourcesBuildPhase section */

/* Begin PBXShellScriptBuildPhase section */
		7912784781074E095C391C9B /* [CP] Embed Pods Frameworks */ = {
			isa = PBXShellScriptBuildPhase;
			buildActionMask = 2147483647;
			files = (
			);
			inputFileListPaths = (
				"${PODS_ROOT}/Target Support Files/Pods-Nowait/Pods-Nowait-frameworks-${CONFIGURATION}-input-files.xcfilelist",
			);
			name = "[CP] Embed Pods Frameworks";
			outputFileListPaths = (
				"${PODS_ROOT}/Target Support Files/Pods-Nowait/Pods-Nowait-frameworks-${CONFIGURATION}-output-files.xcfilelist",
			);
			runOnlyForDeploymentPostprocessing = 0;
			shellPath = /bin/sh;
			shellScript = "\"${PODS_ROOT}/Target Support Files/Pods-Nowait/Pods-Nowait-frameworks.sh\"\n";
			showEnvVarsInLog = 0;
		};
		DC1A1D691E3C241F74E41357 /* [CP] Check Pods Manifest.lock */ = {
			isa = PBXShellScriptBuildPhase;
			buildActionMask = 2147483647;
			files = (
			);
			inputFileListPaths = (
			);
			inputPaths = (
				"${PODS_PODFILE_DIR_PATH}/Podfile.lock",
				"${PODS_ROOT}/Manifest.lock",
			);
			name = "[CP] Check Pods Manifest.lock";
			outputFileListPaths = (
			);
			outputPaths = (
				"$(DERIVED_FILE_DIR)/Pods-Nowait-checkManifestLockResult.txt",
			);
			runOnlyForDeploymentPostprocessing = 0;
			shellPath = /bin/sh;
			shellScript = "diff \"${PODS_PODFILE_DIR_PATH}/Podfile.lock\" \"${PODS_ROOT}/Manifest.lock\" > /dev/null\nif [ $? != 0 ] ; then\n    # print error to STDERR\n    echo \"error: The sandbox is not in sync with the Podfile.lock. Run 'pod install' or update your CocoaPods installation.\" >&2\n    exit 1\nfi\n# This output is used by Xcode 'outputs' to avoid re-running this script phase.\necho \"SUCCESS\" > \"${SCRIPT_OUTPUT_FILE_0}\"\n";
			showEnvVarsInLog = 0;
		};
/* End PBXShellScriptBuildPhase section */

/* Begin PBXSourcesBuildPhase section */
		ED03585E24725959005A6745 /* Sources */ = {
			isa = PBXSourcesBuildPhase;
			buildActionMask = 2147483647;
			files = (
				ED84C481247261A6009D6742 /* DesignableUIView.swift in Sources */,
				ED84C483247266F5009D6742 /* DesignableUIButton.swift in Sources */,
				ED5F714024728922004DA1D3 /* MainViewModelType.swift in Sources */,
				ED84C49D24728345009D6742 /* SignUpViewModel.swift in Sources */,
				ED84C49F24728354009D6742 /* SignUpViewModelType.swift in Sources */,
				ED84C4A5247284FE009D6742 /* Country.swift in Sources */,
				ED84C49324727959009D6742 /* CodeTextField.swift in Sources */,
				ED84C498247282D8009D6742 /* SignUpViewController.swift in Sources */,
				ED5F713D2472890E004DA1D3 /* MainViewModel.swift in Sources */,
				ED03586A24725959005A6745 /* MainViewController.swift in Sources */,
				ED84C4912472792E009D6742 /* CodeTextFieldDelegate.swift in Sources */,
				ED84C4A224728392009D6742 /* ExtensionString.swift in Sources */,
				ED03587024725959005A6745 /* Nowait.xcdatamodeld in Sources */,
				ED03586624725959005A6745 /* AppDelegate.swift in Sources */,
				ED03586824725959005A6745 /* SceneDelegate.swift in Sources */,
			);
			runOnlyForDeploymentPostprocessing = 0;
		};
/* End PBXSourcesBuildPhase section */

/* Begin PBXVariantGroup section */
		ED03586B24725959005A6745 /* Main.storyboard */ = {
			isa = PBXVariantGroup;
			children = (
				ED03586C24725959005A6745 /* Base */,
			);
			name = Main.storyboard;
			sourceTree = "<group>";
		};
		ED03587324725961005A6745 /* LaunchScreen.storyboard */ = {
			isa = PBXVariantGroup;
			children = (
				ED03587424725961005A6745 /* Base */,
			);
			name = LaunchScreen.storyboard;
			sourceTree = "<group>";
		};
/* End PBXVariantGroup section */

/* Begin XCBuildConfiguration section */
		ED03587724725961005A6745 /* Debug */ = {
			isa = XCBuildConfiguration;
			buildSettings = {
				ALWAYS_SEARCH_USER_PATHS = NO;
				CLANG_ANALYZER_NONNULL = YES;
				CLANG_ANALYZER_NUMBER_OBJECT_CONVERSION = YES_AGGRESSIVE;
				CLANG_CXX_LANGUAGE_STANDARD = "gnu++14";
				CLANG_CXX_LIBRARY = "libc++";
				CLANG_ENABLE_MODULES = YES;
				CLANG_ENABLE_OBJC_ARC = YES;
				CLANG_ENABLE_OBJC_WEAK = YES;
				CLANG_WARN_BLOCK_CAPTURE_AUTORELEASING = YES;
				CLANG_WARN_BOOL_CONVERSION = YES;
				CLANG_WARN_COMMA = YES;
				CLANG_WARN_CONSTANT_CONVERSION = YES;
				CLANG_WARN_DEPRECATED_OBJC_IMPLEMENTATIONS = YES;
				CLANG_WARN_DIRECT_OBJC_ISA_USAGE = YES_ERROR;
				CLANG_WARN_DOCUMENTATION_COMMENTS = YES;
				CLANG_WARN_EMPTY_BODY = YES;
				CLANG_WARN_ENUM_CONVERSION = YES;
				CLANG_WARN_INFINITE_RECURSION = YES;
				CLANG_WARN_INT_CONVERSION = YES;
				CLANG_WARN_NON_LITERAL_NULL_CONVERSION = YES;
				CLANG_WARN_OBJC_IMPLICIT_RETAIN_SELF = YES;
				CLANG_WARN_OBJC_LITERAL_CONVERSION = YES;
				CLANG_WARN_OBJC_ROOT_CLASS = YES_ERROR;
				CLANG_WARN_RANGE_LOOP_ANALYSIS = YES;
				CLANG_WARN_STRICT_PROTOTYPES = YES;
				CLANG_WARN_SUSPICIOUS_MOVE = YES;
				CLANG_WARN_UNGUARDED_AVAILABILITY = YES_AGGRESSIVE;
				CLANG_WARN_UNREACHABLE_CODE = YES;
				CLANG_WARN__DUPLICATE_METHOD_MATCH = YES;
				COPY_PHASE_STRIP = NO;
				DEBUG_INFORMATION_FORMAT = dwarf;
				ENABLE_STRICT_OBJC_MSGSEND = YES;
				ENABLE_TESTABILITY = YES;
				GCC_C_LANGUAGE_STANDARD = gnu11;
				GCC_DYNAMIC_NO_PIC = NO;
				GCC_NO_COMMON_BLOCKS = YES;
				GCC_OPTIMIZATION_LEVEL = 0;
				GCC_PREPROCESSOR_DEFINITIONS = (
					"DEBUG=1",
					"$(inherited)",
				);
				GCC_WARN_64_TO_32_BIT_CONVERSION = YES;
				GCC_WARN_ABOUT_RETURN_TYPE = YES_ERROR;
				GCC_WARN_UNDECLARED_SELECTOR = YES;
				GCC_WARN_UNINITIALIZED_AUTOS = YES_AGGRESSIVE;
				GCC_WARN_UNUSED_FUNCTION = YES;
				GCC_WARN_UNUSED_VARIABLE = YES;
				IPHONEOS_DEPLOYMENT_TARGET = 13.4;
				MTL_ENABLE_DEBUG_INFO = INCLUDE_SOURCE;
				MTL_FAST_MATH = YES;
				ONLY_ACTIVE_ARCH = YES;
				SDKROOT = iphoneos;
				SWIFT_ACTIVE_COMPILATION_CONDITIONS = DEBUG;
				SWIFT_OPTIMIZATION_LEVEL = "-Onone";
			};
			name = Debug;
		};
		ED03587824725961005A6745 /* Release */ = {
			isa = XCBuildConfiguration;
			buildSettings = {
				ALWAYS_SEARCH_USER_PATHS = NO;
				CLANG_ANALYZER_NONNULL = YES;
				CLANG_ANALYZER_NUMBER_OBJECT_CONVERSION = YES_AGGRESSIVE;
				CLANG_CXX_LANGUAGE_STANDARD = "gnu++14";
				CLANG_CXX_LIBRARY = "libc++";
				CLANG_ENABLE_MODULES = YES;
				CLANG_ENABLE_OBJC_ARC = YES;
				CLANG_ENABLE_OBJC_WEAK = YES;
				CLANG_WARN_BLOCK_CAPTURE_AUTORELEASING = YES;
				CLANG_WARN_BOOL_CONVERSION = YES;
				CLANG_WARN_COMMA = YES;
				CLANG_WARN_CONSTANT_CONVERSION = YES;
				CLANG_WARN_DEPRECATED_OBJC_IMPLEMENTATIONS = YES;
				CLANG_WARN_DIRECT_OBJC_ISA_USAGE = YES_ERROR;
				CLANG_WARN_DOCUMENTATION_COMMENTS = YES;
				CLANG_WARN_EMPTY_BODY = YES;
				CLANG_WARN_ENUM_CONVERSION = YES;
				CLANG_WARN_INFINITE_RECURSION = YES;
				CLANG_WARN_INT_CONVERSION = YES;
				CLANG_WARN_NON_LITERAL_NULL_CONVERSION = YES;
				CLANG_WARN_OBJC_IMPLICIT_RETAIN_SELF = YES;
				CLANG_WARN_OBJC_LITERAL_CONVERSION = YES;
				CLANG_WARN_OBJC_ROOT_CLASS = YES_ERROR;
				CLANG_WARN_RANGE_LOOP_ANALYSIS = YES;
				CLANG_WARN_STRICT_PROTOTYPES = YES;
				CLANG_WARN_SUSPICIOUS_MOVE = YES;
				CLANG_WARN_UNGUARDED_AVAILABILITY = YES_AGGRESSIVE;
				CLANG_WARN_UNREACHABLE_CODE = YES;
				CLANG_WARN__DUPLICATE_METHOD_MATCH = YES;
				COPY_PHASE_STRIP = NO;
				DEBUG_INFORMATION_FORMAT = "dwarf-with-dsym";
				ENABLE_NS_ASSERTIONS = NO;
				ENABLE_STRICT_OBJC_MSGSEND = YES;
				GCC_C_LANGUAGE_STANDARD = gnu11;
				GCC_NO_COMMON_BLOCKS = YES;
				GCC_WARN_64_TO_32_BIT_CONVERSION = YES;
				GCC_WARN_ABOUT_RETURN_TYPE = YES_ERROR;
				GCC_WARN_UNDECLARED_SELECTOR = YES;
				GCC_WARN_UNINITIALIZED_AUTOS = YES_AGGRESSIVE;
				GCC_WARN_UNUSED_FUNCTION = YES;
				GCC_WARN_UNUSED_VARIABLE = YES;
				IPHONEOS_DEPLOYMENT_TARGET = 13.4;
				MTL_ENABLE_DEBUG_INFO = NO;
				MTL_FAST_MATH = YES;
				SDKROOT = iphoneos;
				SWIFT_COMPILATION_MODE = wholemodule;
				SWIFT_OPTIMIZATION_LEVEL = "-O";
				VALIDATE_PRODUCT = YES;
			};
			name = Release;
		};
		ED03587A24725961005A6745 /* Debug */ = {
			isa = XCBuildConfiguration;
			baseConfigurationReference = 3C675F1E6F98531AC9D1348C /* Pods-Nowait.debug.xcconfig */;
			buildSettings = {
				ASSETCATALOG_COMPILER_APPICON_NAME = AppIcon;
				CODE_SIGN_STYLE = Automatic;
				DEVELOPMENT_TEAM = 72MHAGL49V;
				INFOPLIST_FILE = "$(SRCROOT)/Nowait/Resourse/Info.plist";
				IPHONEOS_DEPLOYMENT_TARGET = 11.0;
				LD_RUNPATH_SEARCH_PATHS = (
					"$(inherited)",
					"@executable_path/Frameworks",
				);
				PRODUCT_BUNDLE_IDENTIFIER = com.msofter.Nowait;
				PRODUCT_NAME = "$(TARGET_NAME)";
				SWIFT_VERSION = 5.0;
				TARGETED_DEVICE_FAMILY = "1,2";
			};
			name = Debug;
		};
		ED03587B24725961005A6745 /* Release */ = {
			isa = XCBuildConfiguration;
			baseConfigurationReference = A81D279F2DB5F3AE9299B5F0 /* Pods-Nowait.release.xcconfig */;
			buildSettings = {
				ASSETCATALOG_COMPILER_APPICON_NAME = AppIcon;
				CODE_SIGN_STYLE = Automatic;
				DEVELOPMENT_TEAM = 72MHAGL49V;
				INFOPLIST_FILE = "$(SRCROOT)/Nowait/Resourse/Info.plist";
				IPHONEOS_DEPLOYMENT_TARGET = 11.0;
				LD_RUNPATH_SEARCH_PATHS = (
					"$(inherited)",
					"@executable_path/Frameworks",
				);
				PRODUCT_BUNDLE_IDENTIFIER = com.msofter.Nowait;
				PRODUCT_NAME = "$(TARGET_NAME)";
				SWIFT_VERSION = 5.0;
				TARGETED_DEVICE_FAMILY = "1,2";
			};
			name = Release;
		};
/* End XCBuildConfiguration section */

/* Begin XCConfigurationList section */
		ED03585D24725959005A6745 /* Build configuration list for PBXProject "Nowait" */ = {
			isa = XCConfigurationList;
			buildConfigurations = (
				ED03587724725961005A6745 /* Debug */,
				ED03587824725961005A6745 /* Release */,
			);
			defaultConfigurationIsVisible = 0;
			defaultConfigurationName = Release;
		};
		ED03587924725961005A6745 /* Build configuration list for PBXNativeTarget "Nowait" */ = {
			isa = XCConfigurationList;
			buildConfigurations = (
				ED03587A24725961005A6745 /* Debug */,
				ED03587B24725961005A6745 /* Release */,
			);
			defaultConfigurationIsVisible = 0;
			defaultConfigurationName = Release;
		};
/* End XCConfigurationList section */

/* Begin XCVersionGroup section */
		ED03586E24725959005A6745 /* Nowait.xcdatamodeld */ = {
			isa = XCVersionGroup;
			children = (
				ED03586F24725959005A6745 /* Nowait.xcdatamodel */,
			);
			currentVersion = ED03586F24725959005A6745 /* Nowait.xcdatamodel */;
			path = Nowait.xcdatamodeld;
			sourceTree = "<group>";
			versionGroupType = wrapper.xcdatamodel;
		};
/* End XCVersionGroup section */
	};
	rootObject = ED03585A24725959005A6745 /* Project object */;
}
